{"version":4,"terraform_version":"1.11.5","serial":19,"lineage":"c853a702-b93e-185c-ec55-88617cb74de1","outputs":{"created_cloudinits":{"value":{"k8s-master01-teste":{"name":"k8s-master01-teste-cloudinit.iso","pool":"default"},"k8s-worker01-teste":{"name":"k8s-worker01-teste-cloudinit.iso","pool":"default"},"k8s-worker02-teste":{"name":"k8s-worker02-teste-cloudinit.iso","pool":"default"},"vyos-border":{"name":"vyos-border-cloudinit.iso","pool":"default"}},"type":["object",{"k8s-master01-teste":["object",{"name":"string","pool":"string"}],"k8s-worker01-teste":["object",{"name":"string","pool":"string"}],"k8s-worker02-teste":["object",{"name":"string","pool":"string"}],"vyos-border":["object",{"name":"string","pool":"string"}]}]},"provisioned_vms":{"value":{"k8s-master01-teste":{"current_memory":2560,"disks":[{"bootable":true,"size_gb":25,"vol_name":"k8s-master01-teste-os"}],"memory":3072,"networks":[{"dns_servers":["192.168.49.1","8.8.8.8"],"ipv4_address":"192.168.49.65","ipv4_gateway":"192.168.49.1","ipv4_prefix":24,"name":"k8s-wan","wait_for_lease":false},{"ipv4_address":"192.168.50.65","ipv4_prefix":24,"name":"k8s-mgmt","wait_for_lease":false},{"ipv4_address":"172.16.0.65","ipv4_prefix":24,"name":"k8s-control","wait_for_lease":false},{"ipv4_address":"172.16.1.65","ipv4_prefix":24,"name":"k8s-data","wait_for_lease":false},{"ipv4_address":"10.0.0.65","ipv4_prefix":24,"name":"k8s-storage","wait_for_lease":false}],"os_type":"linux","running":true,"status":"running","vcpus":2},"k8s-worker01-teste":{"current_memory":3072,"disks":[{"bootable":true,"size_gb":25,"vol_name":"k8s-worker01-teste-os"}],"memory":4096,"networks":[{"dns_servers":["192.168.49.1","8.8.8.8"],"ipv4_address":"192.168.49.71","ipv4_gateway":"192.168.49.1","ipv4_prefix":24,"name":"k8s-wan","wait_for_lease":false},{"ipv4_address":"192.168.50.71","ipv4_prefix":24,"name":"k8s-mgmt","wait_for_lease":false},{"ipv4_address":"172.16.0.71","ipv4_prefix":24,"name":"k8s-control","wait_for_lease":false},{"ipv4_address":"172.16.1.71","ipv4_prefix":24,"name":"k8s-data","wait_for_lease":false},{"ipv4_address":"10.0.0.71","ipv4_prefix":24,"name":"k8s-storage","wait_for_lease":false}],"os_type":"linux","running":true,"status":"running","vcpus":2},"k8s-worker02-teste":{"current_memory":3072,"disks":[{"bootable":true,"size_gb":25,"vol_name":"k8s-worker02-teste-os"}],"memory":4096,"networks":[{"dns_servers":["192.168.49.1","8.8.8.8"],"ipv4_address":"192.168.49.72","ipv4_gateway":"192.168.49.1","ipv4_prefix":24,"name":"k8s-wan","wait_for_lease":false},{"ipv4_address":"192.168.50.72","ipv4_prefix":24,"name":"k8s-mgmt","wait_for_lease":false},{"ipv4_address":"172.16.0.72","ipv4_prefix":24,"name":"k8s-control","wait_for_lease":false},{"ipv4_address":"172.16.1.72","ipv4_prefix":24,"name":"k8s-data","wait_for_lease":false},{"ipv4_address":"10.0.0.72","ipv4_prefix":24,"name":"k8s-storage","wait_for_lease":false}],"os_type":"linux","running":true,"status":"running","vcpus":2},"vyos-border":{"current_memory":1024,"disks":[{"bootable":true,"size_gb":10,"vol_name":"vyos-border-os"}],"memory":2048,"networks":[{"name":"k8s-wan","wait_for_lease":true},{"ipv4_address":"192.168.50.254","ipv4_prefix":24,"name":"k8s-mgmt","wait_for_lease":false},{"ipv4_address":"10.0.0.254","ipv4_prefix":24,"name":"k8s-storage","wait_for_lease":false}],"os_type":"vyos","running":true,"status":"running","vcpus":2}},"type":["object",{"k8s-master01-teste":["object",{"current_memory":"number","disks":["tuple",[["object",{"bootable":"bool","size_gb":"number","vol_name":"string"}]]],"memory":"number","networks":["tuple",[["object",{"dns_servers":["tuple",["string","string"]],"ipv4_address":"string","ipv4_gateway":"string","ipv4_prefix":"number","name":"string","wait_for_lease":"bool"}],["object",{"ipv4_address":"string","ipv4_prefix":"number","name":"string","wait_for_lease":"bool"}],["object",{"ipv4_address":"string","ipv4_prefix":"number","name":"string","wait_for_lease":"bool"}],["object",{"ipv4_address":"string","ipv4_prefix":"number","name":"string","wait_for_lease":"bool"}],["object",{"ipv4_address":"string","ipv4_prefix":"number","name":"string","wait_for_lease":"bool"}]]],"os_type":"string","running":"bool","status":"string","vcpus":"number"}],"k8s-worker01-teste":["object",{"current_memory":"number","disks":["tuple",[["object",{"bootable":"bool","size_gb":"number","vol_name":"string"}]]],"memory":"number","networks":["tuple",[["object",{"dns_servers":["tuple",["string","string"]],"ipv4_address":"string","ipv4_gateway":"string","ipv4_prefix":"number","name":"string","wait_for_lease":"bool"}],["object",{"ipv4_address":"string","ipv4_prefix":"number","name":"string","wait_for_lease":"bool"}],["object",{"ipv4_address":"string","ipv4_prefix":"number","name":"string","wait_for_lease":"bool"}],["object",{"ipv4_address":"string","ipv4_prefix":"number","name":"string","wait_for_lease":"bool"}],["object",{"ipv4_address":"string","ipv4_prefix":"number","name":"string","wait_for_lease":"bool"}]]],"os_type":"string","running":"bool","status":"string","vcpus":"number"}],"k8s-worker02-teste":["object",{"current_memory":"number","disks":["tuple",[["object",{"bootable":"bool","size_gb":"number","vol_name":"string"}]]],"memory":"number","networks":["tuple",[["object",{"dns_servers":["tuple",["string","string"]],"ipv4_address":"string","ipv4_gateway":"string","ipv4_prefix":"number","name":"string","wait_for_lease":"bool"}],["object",{"ipv4_address":"string","ipv4_prefix":"number","name":"string","wait_for_lease":"bool"}],["object",{"ipv4_address":"string","ipv4_prefix":"number","name":"string","wait_for_lease":"bool"}],["object",{"ipv4_address":"string","ipv4_prefix":"number","name":"string","wait_for_lease":"bool"}],["object",{"ipv4_address":"string","ipv4_prefix":"number","name":"string","wait_for_lease":"bool"}]]],"os_type":"string","running":"bool","status":"string","vcpus":"number"}],"vyos-border":["object",{"current_memory":"number","disks":["tuple",[["object",{"bootable":"bool","size_gb":"number","vol_name":"string"}]]],"memory":"number","networks":["tuple",[["object",{"name":"string","wait_for_lease":"bool"}],["object",{"ipv4_address":"string","ipv4_prefix":"number","name":"string","wait_for_lease":"bool"}],["object",{"ipv4_address":"string","ipv4_prefix":"number","name":"string","wait_for_lease":"bool"}]]],"os_type":"string","running":"bool","status":"string","vcpus":"number"}]}]}},"resources":[{"module":"module.orchestration.module.network","mode":"managed","type":"libvirt_network","name":"this","provider":"provider[\"registry.opentofu.org/dmacvicar/libvirt\"]","instances":[{"index_key":"k8s-control","status":"tainted","schema_version":0,"attributes":{"autostart":true,"bandwidth":null,"bridge":{"delay":null,"mac_table_manager":null,"name":"br-k8s-control","stp":null,"zone":null},"dns":null,"domain":{"local_only":null,"name":"k8s-control"},"forward":null,"id":"dc3d61f5-f32e-4f36-b822-650b041eb7be","ips":null,"ipv6":null,"mac":null,"metadata":null,"mtu":null,"name":"k8s-control","port_groups":null,"port_options":null,"routes":null,"trust_guest_rx_filters":null,"uuid":"dc3d61f5-f32e-4f36-b822-650b041eb7be","virtual_port":null,"vlan":null},"sensitive_attributes":[]},{"index_key":"k8s-data","status":"tainted","schema_version":0,"attributes":{"autostart":true,"bandwidth":null,"bridge":{"delay":null,"mac_table_manager":null,"name":"br-k8s-data","stp":null,"zone":null},"dns":null,"domain":{"local_only":null,"name":"k8s-data"},"forward":null,"id":"d6154f52-265a-4201-9676-3420e2c3e6af","ips":null,"ipv6":null,"mac":null,"metadata":null,"mtu":null,"name":"k8s-data","port_groups":null,"port_options":null,"routes":null,"trust_guest_rx_filters":null,"uuid":"d6154f52-265a-4201-9676-3420e2c3e6af","virtual_port":null,"vlan":null},"sensitive_attributes":[]},{"index_key":"k8s-mgmt","status":"tainted","schema_version":0,"attributes":{"autostart":true,"bandwidth":null,"bridge":{"delay":null,"mac_table_manager":null,"name":"br-k8s-mgmt","stp":null,"zone":null},"dns":null,"domain":{"local_only":null,"name":"k8s-mgmt"},"forward":null,"id":"da91b789-8c92-47b5-b177-dffc3804ca7c","ips":null,"ipv6":null,"mac":null,"metadata":null,"mtu":null,"name":"k8s-mgmt","port_groups":null,"port_options":null,"routes":null,"trust_guest_rx_filters":null,"uuid":"da91b789-8c92-47b5-b177-dffc3804ca7c","virtual_port":null,"vlan":null},"sensitive_attributes":[]},{"index_key":"k8s-storage","status":"tainted","schema_version":0,"attributes":{"autostart":true,"bandwidth":null,"bridge":{"delay":null,"mac_table_manager":null,"name":"br-k8s-storage","stp":null,"zone":null},"dns":null,"domain":{"local_only":null,"name":"k8s-storage"},"forward":null,"id":"61cf8e82-f495-4cf6-8b6f-d24ff51b7f92","ips":null,"ipv6":null,"mac":null,"metadata":null,"mtu":null,"name":"k8s-storage","port_groups":null,"port_options":null,"routes":null,"trust_guest_rx_filters":null,"uuid":"61cf8e82-f495-4cf6-8b6f-d24ff51b7f92","virtual_port":null,"vlan":null},"sensitive_attributes":[]},{"index_key":"k8s-wan","schema_version":0,"attributes":{"autostart":true,"bandwidth":null,"bridge":{"delay":null,"mac_table_manager":null,"name":"br-k8s-wan","stp":null,"zone":null},"dns":null,"domain":{"local_only":null,"name":"k8s-wan"},"forward":{"addresses":null,"dev":null,"driver":null,"interfaces":null,"managed":null,"mode":"nat","nat":null,"pfs":null},"id":"0d5da9d1-83dd-4973-8a34-6e10e1409c06","ips":[{"address":"192.168.49.1","dhcp":{"bootp":null,"hosts":null,"ranges":[{"end":"192.168.49.200","lease":null,"start":"192.168.49.10"}]},"family":null,"local_ptr":null,"netmask":null,"prefix":24,"tftp":null}],"ipv6":null,"mac":null,"metadata":null,"mtu":null,"name":"k8s-wan","port_groups":null,"port_options":null,"routes":null,"trust_guest_rx_filters":null,"uuid":"0d5da9d1-83dd-4973-8a34-6e10e1409c06","virtual_port":null,"vlan":null},"sensitive_attributes":[]}]}],"check_results":null}
