{"version":4,"terraform_version":"1.11.2","serial":46,"lineage":"a1ab5b96-cf9f-be89-be14-4927c3009b8a","outputs":{"created_cloudinits":{"value":{"k8s-master01":{"name":"k8s-master01-cloudinit.iso","pool":"default"},"k8s-worker01":{"name":"k8s-worker01-cloudinit.iso","pool":"default"},"k8s-worker02":{"name":"k8s-worker02-cloudinit.iso","pool":"default"}},"type":["object",{"k8s-master01":["object",{"name":"string","pool":"string"}],"k8s-worker01":["object",{"name":"string","pool":"string"}],"k8s-worker02":["object",{"name":"string","pool":"string"}]}]},"created_networks":{"value":{"k8s-cluster":{"bridge":{"delay":null,"mac_table_manager":null,"name":"br-k8s-cluster","stp":null,"zone":null},"id":"82606096-bc9f-4e12-b686-6a2641e31f67","name":"k8s-cluster"},"k8s-storage":{"bridge":{"delay":null,"mac_table_manager":null,"name":"br-k8s-storage","stp":null,"zone":null},"id":"6ad3e41b-3f00-47a0-acf4-4154f2f85fd5","name":"k8s-storage"}},"type":["object",{"k8s-cluster":["object",{"bridge":["object",{"delay":"string","mac_table_manager":"string","name":"string","stp":"string","zone":"string"}],"id":"string","name":"string"}],"k8s-storage":["object",{"bridge":["object",{"delay":"string","mac_table_manager":"string","name":"string","stp":"string","zone":"string"}],"id":"string","name":"string"}]}]},"created_volumes":{"value":{"k8s-master01-os":{"id":"/home/kharma/vm/k8s-master01-os","name":"k8s-master01-os","pool":"default"},"k8s-worker01-os":{"id":"/home/kharma/vm/k8s-worker01-os","name":"k8s-worker01-os","pool":"default"},"k8s-worker02-os":{"id":"/home/kharma/vm/k8s-worker02-os","name":"k8s-worker02-os","pool":"default"}},"type":["object",{"k8s-master01-os":["object",{"id":"string","name":"string","pool":"string"}],"k8s-worker01-os":["object",{"id":"string","name":"string","pool":"string"}],"k8s-worker02-os":["object",{"id":"string","name":"string","pool":"string"}]}]},"provisioned_vms":{"value":{"k8s-master01":{"current_memory":4096,"disks":[{"bootable":true,"size_gb":25,"vol_name":"k8s-master01-os"}],"memory":4096,"networks":[{"dns_servers":["192.168.0.1","8.8.8.8"],"ipv4_address":"192.168.0.65","ipv4_gateway":"192.168.0.1","ipv4_prefix":24,"name":"bridge0","wait_for_lease":false},{"ipv4_address":"172.16.200.65","ipv4_prefix":24,"name":"k8s-cluster","wait_for_lease":false},{"ipv4_address":"172.16.201.65","ipv4_prefix":24,"name":"k8s-storage","wait_for_lease":false}],"os_type":"linux","running":true,"status":"running","vcpus":2},"k8s-worker01":{"current_memory":8192,"disks":[{"bootable":true,"size_gb":25,"vol_name":"k8s-worker01-os"}],"memory":8192,"networks":[{"dns_servers":["192.168.0.1","8.8.8.8"],"ipv4_address":"192.168.0.66","ipv4_gateway":"192.168.0.1","ipv4_prefix":24,"name":"bridge0","wait_for_lease":false},{"ipv4_address":"172.16.200.66","ipv4_prefix":24,"name":"k8s-cluster","wait_for_lease":false},{"ipv4_address":"172.16.201.66","ipv4_prefix":24,"name":"k8s-storage","wait_for_lease":false}],"os_type":"linux","running":true,"status":"running","vcpus":2},"k8s-worker02":{"current_memory":8192,"disks":[{"bootable":true,"size_gb":25,"vol_name":"k8s-worker02-os"}],"memory":8192,"networks":[{"dns_servers":["192.168.0.1","8.8.8.8"],"ipv4_address":"192.168.0.67","ipv4_gateway":"192.168.0.1","ipv4_prefix":24,"name":"bridge0","wait_for_lease":false},{"ipv4_address":"172.16.200.67","ipv4_prefix":24,"name":"k8s-cluster","wait_for_lease":false},{"ipv4_address":"172.16.201.67","ipv4_prefix":24,"name":"k8s-storage","wait_for_lease":false}],"os_type":"linux","running":true,"status":"running","vcpus":2}},"type":["object",{"k8s-master01":["object",{"current_memory":"number","disks":["tuple",[["object",{"bootable":"bool","size_gb":"number","vol_name":"string"}]]],"memory":"number","networks":["tuple",[["object",{"dns_servers":["tuple",["string","string"]],"ipv4_address":"string","ipv4_gateway":"string","ipv4_prefix":"number","name":"string","wait_for_lease":"bool"}],["object",{"ipv4_address":"string","ipv4_prefix":"number","name":"string","wait_for_lease":"bool"}],["object",{"ipv4_address":"string","ipv4_prefix":"number","name":"string","wait_for_lease":"bool"}]]],"os_type":"string","running":"bool","status":"string","vcpus":"number"}],"k8s-worker01":["object",{"current_memory":"number","disks":["tuple",[["object",{"bootable":"bool","size_gb":"number","vol_name":"string"}]]],"memory":"number","networks":["tuple",[["object",{"dns_servers":["tuple",["string","string"]],"ipv4_address":"string","ipv4_gateway":"string","ipv4_prefix":"number","name":"string","wait_for_lease":"bool"}],["object",{"ipv4_address":"string","ipv4_prefix":"number","name":"string","wait_for_lease":"bool"}],["object",{"ipv4_address":"string","ipv4_prefix":"number","name":"string","wait_for_lease":"bool"}]]],"os_type":"string","running":"bool","status":"string","vcpus":"number"}],"k8s-worker02":["object",{"current_memory":"number","disks":["tuple",[["object",{"bootable":"bool","size_gb":"number","vol_name":"string"}]]],"memory":"number","networks":["tuple",[["object",{"dns_servers":["tuple",["string","string"]],"ipv4_address":"string","ipv4_gateway":"string","ipv4_prefix":"number","name":"string","wait_for_lease":"bool"}],["object",{"ipv4_address":"string","ipv4_prefix":"number","name":"string","wait_for_lease":"bool"}],["object",{"ipv4_address":"string","ipv4_prefix":"number","name":"string","wait_for_lease":"bool"}]]],"os_type":"string","running":"bool","status":"string","vcpus":"number"}]}]}},"resources":[{"module":"module.orchestration.module.cloudinit","mode":"managed","type":"libvirt_cloudinit_disk","name":"this","provider":"provider[\"registry.opentofu.org/dmacvicar/libvirt\"]","instances":[{"index_key":"k8s-master01","schema_version":0,"attributes":{"id":"a2dc528685a35616","meta_data":"instance-id: k8s-master01\nlocal-hostname: k8s-master01\n","name":"k8s-master01-cloudinit","network_config":"network:\n  version: 2\n  ethernets:\n    enp1s0:\n      dhcp4: false\n      dhcp6: false\n      accept-ra: false\n      addresses:\n        - 192.168.0.65/24\n      routes:\n        - to: 0.0.0.0/0\n          via: 192.168.0.1\n      nameservers:\n        addresses: [\"192.168.0.1\",\"8.8.8.8\"]\n    enp2s0:\n      dhcp4: false\n      dhcp6: false\n      accept-ra: false\n      addresses:\n        - 172.16.200.65/24\n    enp3s0:\n      dhcp4: false\n      dhcp6: false\n      accept-ra: false\n      addresses:\n        - 172.16.201.65/24\n","path":"/tmp/terraform-provider-libvirt-cloudinit/cloudinit-a2dc528685a35616.iso","size":45056,"user_data":"#cloud-config\n\nssh_pwauth: true\n\nhostname: k8s-master01\nfqdn: k8s-master01.teste.local\n\nmanage_etc_hosts: true\n\n\n#chpasswd:\n#  list: |\n#    root:$6$icCsrgPFmUJ7y40/$2TligMlpR5P2FiFsjrxNZmmYsBmOkpd0sJ4Am/8x6Ko8grcjVf08ZKeUPgiGaNohkZSJrtqVCLKBxGZ6vDY4e1\n#  expire: false\n\n\nusers:\n  - name: ansible\n    gecos: \"Usuário de Laboratório\"\n    groups: [wheel, sudo, admin]\n    shell: /bin/bash\n    sudo: \"ALL=(ALL) NOPASSWD:ALL\"\n    lock_passwd: false\n    passwd: \"$6$hTsm9OSnl0JnaIL/$h.UQHqWJaUkU9TEDrZ13xfkampt5imBmM7eap60MIW79cgE.qXj/JDv20RtbDM1iDFoR7UW8VWDJ1xIGQ9LMh.\"\n    ssh_authorized_keys:\n      - ssh-rsa AAAAB3NzaC1yc2EAAAADAQABAAABAQDhRcBsR4KZ9f8fq1Jtpkhg4j0dzCYpRFXGk2L59BYrp6cHt/cz7WE+NRpF5PwP0dvMK/Ai8Ab3jE5F4Gm6gmwvsQhQg8B7HXRu5f+TdOnnhdHhlriZlYvCcUS9C+Ys61gU7/WWiEpIrp4vFTo4zOKkraMKaIEABKXn0IbTXj0NP64xM3ArOj8G0Cy+XTHJtMR9HRyLRcvVQtgwPvyigNwyit9Tu2hYzqPDz3vSvX9mILaFh8IuWGxVa0+GdtfKOSMqnY4WymPHjl7pwkaBbpwC6zHMEVycP7WBmQbkD34NBbzGrK2n/NbM3CvMJ2YqhQ0iOt1pr/sgAIGzg0A+TvQ5 mdonato@aesthar\n\npackage_update: true\n#package_upgrade: true\n\ntimezone: America/Sao_Paulo\nlocale: en_US.UTF-8\nkeyboard:\n  layout: br\n  model: pc105\n  variant: abnt2\n\npackages:\n  - vim\n  - curl\n  - wget\n  - net-tools\n  - git\n  - tmux\n  - qemu-guest-agent\n  - bash-completion\n  - python3\n\n\nruncmd:\n  - [ systemctl, enable, --now, qemu-guest-agent.service ]\n  - [ timedatectl, set-timezone, America/Sao_Paulo ]\n  - |\n    #!/bin/bash\n    if [-f /etc/redhat-release ]; then\n      localectl set-locale LANG=en_US.UTF-8\n      localectl set-keymap br-abnt2\n    fi\n"},"sensitive_attributes":[],"dependencies":["module.orchestration.module.network.libvirt_network.this","module.orchestration.module.volume.libvirt_volume.this"]},{"index_key":"k8s-worker01","schema_version":0,"attributes":{"id":"0628fb3fed23111d","meta_data":"instance-id: k8s-worker01\nlocal-hostname: k8s-worker01\n","name":"k8s-worker01-cloudinit","network_config":"network:\n  version: 2\n  ethernets:\n    enp1s0:\n      dhcp4: false\n      dhcp6: false\n      accept-ra: false\n      addresses:\n        - 192.168.0.66/24\n      routes:\n        - to: 0.0.0.0/0\n          via: 192.168.0.1\n      nameservers:\n        addresses: [\"192.168.0.1\",\"8.8.8.8\"]\n    enp2s0:\n      dhcp4: false\n      dhcp6: false\n      accept-ra: false\n      addresses:\n        - 172.16.200.66/24\n    enp3s0:\n      dhcp4: false\n      dhcp6: false\n      accept-ra: false\n      addresses:\n        - 172.16.201.66/24\n","path":"/tmp/terraform-provider-libvirt-cloudinit/cloudinit-0628fb3fed23111d.iso","size":45056,"user_data":"#cloud-config\n\nssh_pwauth: true\n\nhostname: k8s-worker01\nfqdn: k8s-worker01.teste.local\n\nmanage_etc_hosts: true\n\n\n#chpasswd:\n#  list: |\n#    root:$6$icCsrgPFmUJ7y40/$2TligMlpR5P2FiFsjrxNZmmYsBmOkpd0sJ4Am/8x6Ko8grcjVf08ZKeUPgiGaNohkZSJrtqVCLKBxGZ6vDY4e1\n#  expire: false\n\n\nusers:\n  - name: ansible\n    gecos: \"Usuário de Laboratório\"\n    groups: [wheel, sudo, admin]\n    shell: /bin/bash\n    sudo: \"ALL=(ALL) NOPASSWD:ALL\"\n    lock_passwd: false\n    passwd: \"$6$hTsm9OSnl0JnaIL/$h.UQHqWJaUkU9TEDrZ13xfkampt5imBmM7eap60MIW79cgE.qXj/JDv20RtbDM1iDFoR7UW8VWDJ1xIGQ9LMh.\"\n    ssh_authorized_keys:\n      - ssh-rsa AAAAB3NzaC1yc2EAAAADAQABAAABAQDhRcBsR4KZ9f8fq1Jtpkhg4j0dzCYpRFXGk2L59BYrp6cHt/cz7WE+NRpF5PwP0dvMK/Ai8Ab3jE5F4Gm6gmwvsQhQg8B7HXRu5f+TdOnnhdHhlriZlYvCcUS9C+Ys61gU7/WWiEpIrp4vFTo4zOKkraMKaIEABKXn0IbTXj0NP64xM3ArOj8G0Cy+XTHJtMR9HRyLRcvVQtgwPvyigNwyit9Tu2hYzqPDz3vSvX9mILaFh8IuWGxVa0+GdtfKOSMqnY4WymPHjl7pwkaBbpwC6zHMEVycP7WBmQbkD34NBbzGrK2n/NbM3CvMJ2YqhQ0iOt1pr/sgAIGzg0A+TvQ5 mdonato@aesthar\n\npackage_update: true\n#package_upgrade: true\n\ntimezone: America/Sao_Paulo\nlocale: en_US.UTF-8\nkeyboard:\n  layout: br\n  model: pc105\n  variant: abnt2\n\npackages:\n  - vim\n  - curl\n  - wget\n  - net-tools\n  - git\n  - tmux\n  - qemu-guest-agent\n  - bash-completion\n  - python3\n\n\nruncmd:\n  - [ systemctl, enable, --now, qemu-guest-agent.service ]\n  - [ timedatectl, set-timezone, America/Sao_Paulo ]\n  - |\n    #!/bin/bash\n    if [-f /etc/redhat-release ]; then\n      localectl set-locale LANG=en_US.UTF-8\n      localectl set-keymap br-abnt2\n    fi\n"},"sensitive_attributes":[],"dependencies":["module.orchestration.module.network.libvirt_network.this","module.orchestration.module.volume.libvirt_volume.this"]},{"index_key":"k8s-worker02","schema_version":0,"attributes":{"id":"6082e69c826ae0cc","meta_data":"instance-id: k8s-worker02\nlocal-hostname: k8s-worker02\n","name":"k8s-worker02-cloudinit","network_config":"network:\n  version: 2\n  ethernets:\n    enp1s0:\n      dhcp4: false\n      dhcp6: false\n      accept-ra: false\n      addresses:\n        - 192.168.0.67/24\n      routes:\n        - to: 0.0.0.0/0\n          via: 192.168.0.1\n      nameservers:\n        addresses: [\"192.168.0.1\",\"8.8.8.8\"]\n    enp2s0:\n      dhcp4: false\n      dhcp6: false\n      accept-ra: false\n      addresses:\n        - 172.16.200.67/24\n    enp3s0:\n      dhcp4: false\n      dhcp6: false\n      accept-ra: false\n      addresses:\n        - 172.16.201.67/24\n","path":"/tmp/terraform-provider-libvirt-cloudinit/cloudinit-6082e69c826ae0cc.iso","size":45056,"user_data":"#cloud-config\n\nssh_pwauth: true\n\nhostname: k8s-worker02\nfqdn: k8s-worker02.teste.local\n\nmanage_etc_hosts: true\n\n\n#chpasswd:\n#  list: |\n#    root:$6$icCsrgPFmUJ7y40/$2TligMlpR5P2FiFsjrxNZmmYsBmOkpd0sJ4Am/8x6Ko8grcjVf08ZKeUPgiGaNohkZSJrtqVCLKBxGZ6vDY4e1\n#  expire: false\n\n\nusers:\n  - name: ansible\n    gecos: \"Usuário de Laboratório\"\n    groups: [wheel, sudo, admin]\n    shell: /bin/bash\n    sudo: \"ALL=(ALL) NOPASSWD:ALL\"\n    lock_passwd: false\n    passwd: \"$6$hTsm9OSnl0JnaIL/$h.UQHqWJaUkU9TEDrZ13xfkampt5imBmM7eap60MIW79cgE.qXj/JDv20RtbDM1iDFoR7UW8VWDJ1xIGQ9LMh.\"\n    ssh_authorized_keys:\n      - ssh-rsa AAAAB3NzaC1yc2EAAAADAQABAAABAQDhRcBsR4KZ9f8fq1Jtpkhg4j0dzCYpRFXGk2L59BYrp6cHt/cz7WE+NRpF5PwP0dvMK/Ai8Ab3jE5F4Gm6gmwvsQhQg8B7HXRu5f+TdOnnhdHhlriZlYvCcUS9C+Ys61gU7/WWiEpIrp4vFTo4zOKkraMKaIEABKXn0IbTXj0NP64xM3ArOj8G0Cy+XTHJtMR9HRyLRcvVQtgwPvyigNwyit9Tu2hYzqPDz3vSvX9mILaFh8IuWGxVa0+GdtfKOSMqnY4WymPHjl7pwkaBbpwC6zHMEVycP7WBmQbkD34NBbzGrK2n/NbM3CvMJ2YqhQ0iOt1pr/sgAIGzg0A+TvQ5 mdonato@aesthar\n\npackage_update: true\n#package_upgrade: true\n\ntimezone: America/Sao_Paulo\nlocale: en_US.UTF-8\nkeyboard:\n  layout: br\n  model: pc105\n  variant: abnt2\n\npackages:\n  - vim\n  - curl\n  - wget\n  - net-tools\n  - git\n  - tmux\n  - qemu-guest-agent\n  - bash-completion\n  - python3\n\n\nruncmd:\n  - [ systemctl, enable, --now, qemu-guest-agent.service ]\n  - [ timedatectl, set-timezone, America/Sao_Paulo ]\n  - |\n    #!/bin/bash\n    if [-f /etc/redhat-release ]; then\n      localectl set-locale LANG=en_US.UTF-8\n      localectl set-keymap br-abnt2\n    fi\n"},"sensitive_attributes":[],"dependencies":["module.orchestration.module.network.libvirt_network.this","module.orchestration.module.volume.libvirt_volume.this"]}]},{"module":"module.orchestration.module.cloudinit","mode":"managed","type":"libvirt_volume","name":"cloudinit_iso","provider":"provider[\"registry.opentofu.org/dmacvicar/libvirt\"]","instances":[{"index_key":"k8s-master01","schema_version":0,"attributes":{"allocation":45056,"allocation_unit":null,"backing_store":null,"capacity":45056,"capacity_unit":null,"create":{"content":{"url":"/tmp/terraform-provider-libvirt-cloudinit/cloudinit-a2dc528685a35616.iso"}},"id":"/home/kharma/vm/k8s-master01-cloudinit.iso","key":"/home/kharma/vm/k8s-master01-cloudinit.iso","name":"k8s-master01-cloudinit.iso","path":"/home/kharma/vm/k8s-master01-cloudinit.iso","physical":45056,"physical_unit":null,"pool":"default","target":null,"type":null},"sensitive_attributes":[],"dependencies":["module.orchestration.module.cloudinit.libvirt_cloudinit_disk.this","module.orchestration.module.network.libvirt_network.this","module.orchestration.module.volume.libvirt_volume.this"]},{"index_key":"k8s-worker01","schema_version":0,"attributes":{"allocation":45056,"allocation_unit":null,"backing_store":null,"capacity":45056,"capacity_unit":null,"create":{"content":{"url":"/tmp/terraform-provider-libvirt-cloudinit/cloudinit-0628fb3fed23111d.iso"}},"id":"/home/kharma/vm/k8s-worker01-cloudinit.iso","key":"/home/kharma/vm/k8s-worker01-cloudinit.iso","name":"k8s-worker01-cloudinit.iso","path":"/home/kharma/vm/k8s-worker01-cloudinit.iso","physical":45056,"physical_unit":null,"pool":"default","target":null,"type":null},"sensitive_attributes":[],"dependencies":["module.orchestration.module.cloudinit.libvirt_cloudinit_disk.this","module.orchestration.module.network.libvirt_network.this","module.orchestration.module.volume.libvirt_volume.this"]},{"index_key":"k8s-worker02","schema_version":0,"attributes":{"allocation":45056,"allocation_unit":null,"backing_store":null,"capacity":45056,"capacity_unit":null,"create":{"content":{"url":"/tmp/terraform-provider-libvirt-cloudinit/cloudinit-6082e69c826ae0cc.iso"}},"id":"/home/kharma/vm/k8s-worker02-cloudinit.iso","key":"/home/kharma/vm/k8s-worker02-cloudinit.iso","name":"k8s-worker02-cloudinit.iso","path":"/home/kharma/vm/k8s-worker02-cloudinit.iso","physical":45056,"physical_unit":null,"pool":"default","target":null,"type":null},"sensitive_attributes":[],"dependencies":["module.orchestration.module.cloudinit.libvirt_cloudinit_disk.this","module.orchestration.module.network.libvirt_network.this","module.orchestration.module.volume.libvirt_volume.this"]}]},{"module":"module.orchestration.module.domain_linux","mode":"managed","type":"libvirt_domain","name":"this","provider":"provider[\"registry.opentofu.org/dmacvicar/libvirt\"]","instances":[{"index_key":"k8s-master01","schema_version":0,"attributes":{"autostart":null,"block_io_tune":null,"bootloader":null,"bootloader_args":null,"clock":{"adjustment":null,"basis":null,"offset":"utc","start":null,"time_zone":null,"timer":[{"catch_up":null,"frequency":null,"mode":null,"name":"rtc","present":null,"tick_policy":"catchup","track":null},{"catch_up":null,"frequency":null,"mode":null,"name":"pit","present":null,"tick_policy":"delay","track":null},{"catch_up":null,"frequency":null,"mode":null,"name":"hpet","present":"no","tick_policy":null,"track":null}]},"cpu":{"cache":null,"check":null,"deprecated_features":null,"features":null,"match":null,"max_phys_addr":null,"migratable":null,"mode":"host-passthrough","model":null,"model_fallback":null,"model_vendor_id":null,"numa":null,"topology":null,"vendor":null},"cpu_tune":null,"create":null,"current_memory":null,"current_memory_unit":"MiB","default_io_thread":null,"description":null,"destroy":null,"devices":{"audios":null,"channels":[{"acpi":null,"address":null,"alias":null,"log":null,"protocol":null,"source":{"dbus":null,"dev":null,"file":null,"nmdm":null,"null":null,"pipe":null,"pty":null,"qemuvd_agent":null,"spice_port":null,"spice_vmc":null,"std_io":null,"tcp":null,"udp":null,"unix":{"mode":"bind","path":null,"reconnect":null,"sec_label":null},"vc":null},"target":{"guest_fwd":null,"virt_io":{"name":"org.qemu.guest_agent.0","state":null},"xen":null}},{"acpi":null,"address":null,"alias":null,"log":null,"protocol":null,"source":{"dbus":null,"dev":null,"file":null,"nmdm":null,"null":null,"pipe":null,"pty":null,"qemuvd_agent":null,"spice_port":null,"spice_vmc":true,"std_io":null,"tcp":null,"udp":null,"unix":null,"vc":null},"target":{"guest_fwd":null,"virt_io":{"name":"com.redhat.spice.0","state":null},"xen":null}}],"consoles":[{"acpi":null,"address":null,"alias":null,"log":null,"protocol":null,"source":null,"target":{"port":null,"type":"serial"},"tty":null}],"controllers":null,"crypto":null,"disks":[{"acpi":null,"address":null,"alias":null,"auth":null,"backend_domain":null,"backing_store":null,"block_io":null,"boot":{"load_parm":null,"order":1},"device":null,"driver":{"ats":null,"cache":null,"copy_on_read":null,"detect_zeros":null,"discard":"unmap","discard_no_unref":null,"error_policy":null,"event_idx":null,"io":null,"io_event_fd":null,"io_thread":null,"io_threads":null,"iommu":null,"metadata_cache":null,"name":"qemu","packed":null,"page_per_vq":null,"queue_size":null,"queues":null,"rerror_policy":null,"type":"qcow2"},"encryption":null,"geometry":null,"io_tune":null,"mirror":null,"model":null,"product":null,"raw_io":null,"read_only":null,"serial":null,"sgio":null,"shareable":null,"snapshot":null,"source":{"block":null,"cookies":null,"data_store":null,"dir":null,"encryption":null,"file":null,"index":null,"network":null,"nvme":null,"readahead":null,"reservations":null,"slices":null,"ssl":null,"startup_policy":null,"timeout":null,"vhost_user":null,"vhost_vdpa":null,"volume":{"mode":null,"pool":"default","sec_label":null,"volume":"k8s-master01-os"}},"target":{"bus":"virtio","dev":"vda","removable":null,"rotation_rate":null,"tray":null},"throttle_filters":null,"transient":null,"vendor":null,"wwn":null},{"acpi":null,"address":null,"alias":null,"auth":null,"backend_domain":null,"backing_store":null,"block_io":null,"boot":null,"device":"cdrom","driver":{"ats":null,"cache":null,"copy_on_read":null,"detect_zeros":null,"discard":null,"discard_no_unref":null,"error_policy":null,"event_idx":null,"io":null,"io_event_fd":null,"io_thread":null,"io_threads":null,"iommu":null,"metadata_cache":null,"name":"qemu","packed":null,"page_per_vq":null,"queue_size":null,"queues":null,"rerror_policy":null,"type":"raw"},"encryption":null,"geometry":null,"io_tune":null,"mirror":null,"model":null,"product":null,"raw_io":null,"read_only":null,"serial":null,"sgio":null,"shareable":null,"snapshot":null,"source":{"block":null,"cookies":null,"data_store":null,"dir":null,"encryption":null,"file":null,"index":null,"network":null,"nvme":null,"readahead":null,"reservations":null,"slices":null,"ssl":null,"startup_policy":null,"timeout":null,"vhost_user":null,"vhost_vdpa":null,"volume":{"mode":null,"pool":"default","sec_label":null,"volume":"k8s-master01-cloudinit.iso"}},"target":{"bus":"sata","dev":"sda","removable":null,"rotation_rate":null,"tray":null},"throttle_filters":null,"transient":null,"vendor":null,"wwn":null}],"emulator":null,"filesystems":null,"graphics":[{"audio":null,"dbus":null,"desktop":null,"egl_headless":null,"rdp":null,"sdl":null,"spice":{"auto_port":true,"channel":null,"clip_board":null,"connected":null,"default_mode":null,"file_transfer":null,"gl":null,"image":{"compression":"off"},"jpeg":null,"keymap":null,"listen":null,"listeners":null,"mouse":null,"passwd":null,"passwd_valid_to":null,"playback":null,"port":null,"streaming":null,"tls_port":null,"zlib":null},"vnc":null}],"hostdevs":null,"hubs":null,"inputs":[{"acpi":null,"address":null,"alias":null,"bus":"usb","driver":null,"model":null,"source":null,"type":"tablet"}],"interfaces":[{"acpi":null,"address":null,"alias":null,"backend":null,"backend_domain":null,"bandwidth":null,"boot":null,"coalesce":null,"down_script":null,"driver":null,"filter_ref":null,"guest":null,"ip":null,"link":null,"mac":null,"managed":null,"model":{"type":"virtio"},"mtu":null,"port_forward":null,"port_options":null,"rom":null,"route":null,"script":null,"source":{"bridge":{"bridge":"bridge0"},"client":null,"direct":null,"ethernet":null,"hostdev":null,"internal":null,"mcast":null,"network":null,"null":null,"server":null,"udp":null,"user":null,"vdpa":null,"vds":null,"vhost_user":null},"target":null,"teaming":null,"trust_guest_rx_filters":null,"tune":null,"virtual_port":null,"vlan":null,"wait_for_ip":null},{"acpi":null,"address":null,"alias":null,"backend":null,"backend_domain":null,"bandwidth":null,"boot":null,"coalesce":null,"down_script":null,"driver":null,"filter_ref":null,"guest":null,"ip":null,"link":null,"mac":null,"managed":null,"model":{"type":"virtio"},"mtu":null,"port_forward":null,"port_options":null,"rom":null,"route":null,"script":null,"source":{"bridge":null,"client":null,"direct":null,"ethernet":null,"hostdev":null,"internal":null,"mcast":null,"network":{"bridge":null,"network":"k8s-cluster","port_group":null,"port_id":null},"null":null,"server":null,"udp":null,"user":null,"vdpa":null,"vds":null,"vhost_user":null},"target":null,"teaming":null,"trust_guest_rx_filters":null,"tune":null,"virtual_port":null,"vlan":null,"wait_for_ip":null},{"acpi":null,"address":null,"alias":null,"backend":null,"backend_domain":null,"bandwidth":null,"boot":null,"coalesce":null,"down_script":null,"driver":null,"filter_ref":null,"guest":null,"ip":null,"link":null,"mac":null,"managed":null,"model":{"type":"virtio"},"mtu":null,"port_forward":null,"port_options":null,"rom":null,"route":null,"script":null,"source":{"bridge":null,"client":null,"direct":null,"ethernet":null,"hostdev":null,"internal":null,"mcast":null,"network":{"bridge":null,"network":"k8s-storage","port_group":null,"port_id":null},"null":null,"server":null,"udp":null,"user":null,"vdpa":null,"vds":null,"vhost_user":null},"target":null,"teaming":null,"trust_guest_rx_filters":null,"tune":null,"virtual_port":null,"vlan":null,"wait_for_ip":null}],"iommu":null,"leases":null,"mem_balloon":null,"memorydevs":null,"nvram":null,"panics":null,"parallels":null,"pstore":null,"redir_devs":[{"acpi":null,"address":null,"alias":null,"boot":null,"bus":"usb","protocol":null,"source":{"dbus":null,"dev":null,"file":null,"nmdm":null,"null":null,"pipe":null,"pty":null,"qemuvd_agent":null,"spice_port":null,"spice_vmc":true,"std_io":null,"tcp":null,"udp":null,"unix":null,"vc":null}},{"acpi":null,"address":null,"alias":null,"boot":null,"bus":"usb","protocol":null,"source":{"dbus":null,"dev":null,"file":null,"nmdm":null,"null":null,"pipe":null,"pty":null,"qemuvd_agent":null,"spice_port":null,"spice_vmc":true,"std_io":null,"tcp":null,"udp":null,"unix":null,"vc":null}}],"redir_filters":null,"rngs":[{"acpi":null,"address":null,"alias":null,"backend":{"built_in":null,"egd":null,"random":"/dev/urandom"},"driver":null,"model":"virtio","rate":null}],"serials":null,"shmems":null,"smartcards":null,"sounds":[{"acpi":null,"address":null,"alias":null,"audio":null,"codec":null,"driver":null,"model":"ich9","multi_channel":null,"streams":null}],"tpms":[{"acpi":null,"address":null,"alias":null,"backend":{"emulator":{"active_pcr_banks":null,"debug":null,"encryption":null,"persistent_state":null,"profile":null,"source":null,"version":"2.0"},"external":null,"passthrough":null},"model":"tpm-crb"}],"videos":[{"acpi":null,"address":null,"alias":null,"driver":null,"model":{"accel":null,"blob":null,"edid":null,"heads":1,"primary":"yes","ram":null,"resolution":null,"type":"virtio","vga_mem":null,"vram":null,"vram64":null}}],"vsock":null,"watchdogs":null},"features":{"acpi":true,"aia":null,"apic":{"eoi":"on"},"async_teardown":null,"capabilities":null,"ccf_assist":null,"cfpc":null,"gic":null,"hap":null,"hpt":null,"htm":null,"hyper_v":null,"ibs":null,"ioapic":null,"kvm":null,"msrs":null,"nested_hv":null,"pae":null,"pmu":null,"priv_net":null,"ps2":null,"pv_spinlock":null,"ras":null,"sbbc":null,"smm":{"state":"on","tseg":null,"tseg_unit":null},"tcg":null,"viridian":null,"vm_core_info":null,"vm_port":{"state":"off"},"xen":null},"gen_id":null,"hwuuid":null,"id":16,"id_map":null,"io_thread_i_ds":null,"io_threads":null,"key_wrap":null,"launch_security":null,"maximum_memory":null,"maximum_memory_slots":null,"maximum_memory_unit":null,"memory":4096,"memory_backing":null,"memory_dump_core":null,"memory_tune":null,"memory_unit":"MiB","metadata":null,"name":"k8s-master01","numa_tune":null,"on_crash":null,"on_poweroff":null,"on_reboot":null,"os":{"acpi":null,"bios":null,"boot_devices":null,"boot_menu":null,"cmdline":null,"dtb":null,"firmware":"efi","firmware_info":null,"init":null,"init_args":null,"init_dir":null,"init_env":null,"init_group":null,"init_user":null,"initrd":null,"kernel":null,"loader":null,"loader_format":null,"loader_readonly":null,"loader_secure":null,"loader_stateless":null,"loader_type":null,"nv_ram":null,"shim":null,"sm_bios":null,"type":"hvm","type_arch":"x86_64","type_machine":"q35"},"perf":null,"pm":{"suspend_to_disk":{"enabled":"no"},"suspend_to_mem":{"enabled":"no"}},"resource":null,"running":true,"sec_label":null,"sys_info":null,"throttle_groups":null,"title":null,"type":"kvm","uuid":"82e8880a-d6e2-4571-9f01-844e3bef9590","vcpu":2,"vcpu_cpuset":null,"vcpu_current":null,"vcpu_placement":null,"vcpus":null},"sensitive_attributes":[],"dependencies":["module.orchestration.module.cloudinit.libvirt_cloudinit_disk.this","module.orchestration.module.cloudinit.libvirt_volume.cloudinit_iso","module.orchestration.module.network.libvirt_network.this","module.orchestration.module.volume.libvirt_volume.this"]},{"index_key":"k8s-worker01","schema_version":0,"attributes":{"autostart":null,"block_io_tune":null,"bootloader":null,"bootloader_args":null,"clock":{"adjustment":null,"basis":null,"offset":"utc","start":null,"time_zone":null,"timer":[{"catch_up":null,"frequency":null,"mode":null,"name":"rtc","present":null,"tick_policy":"catchup","track":null},{"catch_up":null,"frequency":null,"mode":null,"name":"pit","present":null,"tick_policy":"delay","track":null},{"catch_up":null,"frequency":null,"mode":null,"name":"hpet","present":"no","tick_policy":null,"track":null}]},"cpu":{"cache":null,"check":null,"deprecated_features":null,"features":null,"match":null,"max_phys_addr":null,"migratable":null,"mode":"host-passthrough","model":null,"model_fallback":null,"model_vendor_id":null,"numa":null,"topology":null,"vendor":null},"cpu_tune":null,"create":null,"current_memory":null,"current_memory_unit":"MiB","default_io_thread":null,"description":null,"destroy":null,"devices":{"audios":null,"channels":[{"acpi":null,"address":null,"alias":null,"log":null,"protocol":null,"source":{"dbus":null,"dev":null,"file":null,"nmdm":null,"null":null,"pipe":null,"pty":null,"qemuvd_agent":null,"spice_port":null,"spice_vmc":null,"std_io":null,"tcp":null,"udp":null,"unix":{"mode":"bind","path":null,"reconnect":null,"sec_label":null},"vc":null},"target":{"guest_fwd":null,"virt_io":{"name":"org.qemu.guest_agent.0","state":null},"xen":null}},{"acpi":null,"address":null,"alias":null,"log":null,"protocol":null,"source":{"dbus":null,"dev":null,"file":null,"nmdm":null,"null":null,"pipe":null,"pty":null,"qemuvd_agent":null,"spice_port":null,"spice_vmc":true,"std_io":null,"tcp":null,"udp":null,"unix":null,"vc":null},"target":{"guest_fwd":null,"virt_io":{"name":"com.redhat.spice.0","state":null},"xen":null}}],"consoles":[{"acpi":null,"address":null,"alias":null,"log":null,"protocol":null,"source":null,"target":{"port":null,"type":"serial"},"tty":null}],"controllers":null,"crypto":null,"disks":[{"acpi":null,"address":null,"alias":null,"auth":null,"backend_domain":null,"backing_store":null,"block_io":null,"boot":{"load_parm":null,"order":1},"device":null,"driver":{"ats":null,"cache":null,"copy_on_read":null,"detect_zeros":null,"discard":"unmap","discard_no_unref":null,"error_policy":null,"event_idx":null,"io":null,"io_event_fd":null,"io_thread":null,"io_threads":null,"iommu":null,"metadata_cache":null,"name":"qemu","packed":null,"page_per_vq":null,"queue_size":null,"queues":null,"rerror_policy":null,"type":"qcow2"},"encryption":null,"geometry":null,"io_tune":null,"mirror":null,"model":null,"product":null,"raw_io":null,"read_only":null,"serial":null,"sgio":null,"shareable":null,"snapshot":null,"source":{"block":null,"cookies":null,"data_store":null,"dir":null,"encryption":null,"file":null,"index":null,"network":null,"nvme":null,"readahead":null,"reservations":null,"slices":null,"ssl":null,"startup_policy":null,"timeout":null,"vhost_user":null,"vhost_vdpa":null,"volume":{"mode":null,"pool":"default","sec_label":null,"volume":"k8s-worker01-os"}},"target":{"bus":"virtio","dev":"vda","removable":null,"rotation_rate":null,"tray":null},"throttle_filters":null,"transient":null,"vendor":null,"wwn":null},{"acpi":null,"address":null,"alias":null,"auth":null,"backend_domain":null,"backing_store":null,"block_io":null,"boot":null,"device":"cdrom","driver":{"ats":null,"cache":null,"copy_on_read":null,"detect_zeros":null,"discard":null,"discard_no_unref":null,"error_policy":null,"event_idx":null,"io":null,"io_event_fd":null,"io_thread":null,"io_threads":null,"iommu":null,"metadata_cache":null,"name":"qemu","packed":null,"page_per_vq":null,"queue_size":null,"queues":null,"rerror_policy":null,"type":"raw"},"encryption":null,"geometry":null,"io_tune":null,"mirror":null,"model":null,"product":null,"raw_io":null,"read_only":null,"serial":null,"sgio":null,"shareable":null,"snapshot":null,"source":{"block":null,"cookies":null,"data_store":null,"dir":null,"encryption":null,"file":null,"index":null,"network":null,"nvme":null,"readahead":null,"reservations":null,"slices":null,"ssl":null,"startup_policy":null,"timeout":null,"vhost_user":null,"vhost_vdpa":null,"volume":{"mode":null,"pool":"default","sec_label":null,"volume":"k8s-worker01-cloudinit.iso"}},"target":{"bus":"sata","dev":"sda","removable":null,"rotation_rate":null,"tray":null},"throttle_filters":null,"transient":null,"vendor":null,"wwn":null}],"emulator":null,"filesystems":null,"graphics":[{"audio":null,"dbus":null,"desktop":null,"egl_headless":null,"rdp":null,"sdl":null,"spice":{"auto_port":true,"channel":null,"clip_board":null,"connected":null,"default_mode":null,"file_transfer":null,"gl":null,"image":{"compression":"off"},"jpeg":null,"keymap":null,"listen":null,"listeners":null,"mouse":null,"passwd":null,"passwd_valid_to":null,"playback":null,"port":null,"streaming":null,"tls_port":null,"zlib":null},"vnc":null}],"hostdevs":null,"hubs":null,"inputs":[{"acpi":null,"address":null,"alias":null,"bus":"usb","driver":null,"model":null,"source":null,"type":"tablet"}],"interfaces":[{"acpi":null,"address":null,"alias":null,"backend":null,"backend_domain":null,"bandwidth":null,"boot":null,"coalesce":null,"down_script":null,"driver":null,"filter_ref":null,"guest":null,"ip":null,"link":null,"mac":null,"managed":null,"model":{"type":"virtio"},"mtu":null,"port_forward":null,"port_options":null,"rom":null,"route":null,"script":null,"source":{"bridge":{"bridge":"bridge0"},"client":null,"direct":null,"ethernet":null,"hostdev":null,"internal":null,"mcast":null,"network":null,"null":null,"server":null,"udp":null,"user":null,"vdpa":null,"vds":null,"vhost_user":null},"target":null,"teaming":null,"trust_guest_rx_filters":null,"tune":null,"virtual_port":null,"vlan":null,"wait_for_ip":null},{"acpi":null,"address":null,"alias":null,"backend":null,"backend_domain":null,"bandwidth":null,"boot":null,"coalesce":null,"down_script":null,"driver":null,"filter_ref":null,"guest":null,"ip":null,"link":null,"mac":null,"managed":null,"model":{"type":"virtio"},"mtu":null,"port_forward":null,"port_options":null,"rom":null,"route":null,"script":null,"source":{"bridge":null,"client":null,"direct":null,"ethernet":null,"hostdev":null,"internal":null,"mcast":null,"network":{"bridge":null,"network":"k8s-cluster","port_group":null,"port_id":null},"null":null,"server":null,"udp":null,"user":null,"vdpa":null,"vds":null,"vhost_user":null},"target":null,"teaming":null,"trust_guest_rx_filters":null,"tune":null,"virtual_port":null,"vlan":null,"wait_for_ip":null},{"acpi":null,"address":null,"alias":null,"backend":null,"backend_domain":null,"bandwidth":null,"boot":null,"coalesce":null,"down_script":null,"driver":null,"filter_ref":null,"guest":null,"ip":null,"link":null,"mac":null,"managed":null,"model":{"type":"virtio"},"mtu":null,"port_forward":null,"port_options":null,"rom":null,"route":null,"script":null,"source":{"bridge":null,"client":null,"direct":null,"ethernet":null,"hostdev":null,"internal":null,"mcast":null,"network":{"bridge":null,"network":"k8s-storage","port_group":null,"port_id":null},"null":null,"server":null,"udp":null,"user":null,"vdpa":null,"vds":null,"vhost_user":null},"target":null,"teaming":null,"trust_guest_rx_filters":null,"tune":null,"virtual_port":null,"vlan":null,"wait_for_ip":null}],"iommu":null,"leases":null,"mem_balloon":null,"memorydevs":null,"nvram":null,"panics":null,"parallels":null,"pstore":null,"redir_devs":[{"acpi":null,"address":null,"alias":null,"boot":null,"bus":"usb","protocol":null,"source":{"dbus":null,"dev":null,"file":null,"nmdm":null,"null":null,"pipe":null,"pty":null,"qemuvd_agent":null,"spice_port":null,"spice_vmc":true,"std_io":null,"tcp":null,"udp":null,"unix":null,"vc":null}},{"acpi":null,"address":null,"alias":null,"boot":null,"bus":"usb","protocol":null,"source":{"dbus":null,"dev":null,"file":null,"nmdm":null,"null":null,"pipe":null,"pty":null,"qemuvd_agent":null,"spice_port":null,"spice_vmc":true,"std_io":null,"tcp":null,"udp":null,"unix":null,"vc":null}}],"redir_filters":null,"rngs":[{"acpi":null,"address":null,"alias":null,"backend":{"built_in":null,"egd":null,"random":"/dev/urandom"},"driver":null,"model":"virtio","rate":null}],"serials":null,"shmems":null,"smartcards":null,"sounds":[{"acpi":null,"address":null,"alias":null,"audio":null,"codec":null,"driver":null,"model":"ich9","multi_channel":null,"streams":null}],"tpms":[{"acpi":null,"address":null,"alias":null,"backend":{"emulator":{"active_pcr_banks":null,"debug":null,"encryption":null,"persistent_state":null,"profile":null,"source":null,"version":"2.0"},"external":null,"passthrough":null},"model":"tpm-crb"}],"videos":[{"acpi":null,"address":null,"alias":null,"driver":null,"model":{"accel":null,"blob":null,"edid":null,"heads":1,"primary":"yes","ram":null,"resolution":null,"type":"virtio","vga_mem":null,"vram":null,"vram64":null}}],"vsock":null,"watchdogs":null},"features":{"acpi":true,"aia":null,"apic":{"eoi":"on"},"async_teardown":null,"capabilities":null,"ccf_assist":null,"cfpc":null,"gic":null,"hap":null,"hpt":null,"htm":null,"hyper_v":null,"ibs":null,"ioapic":null,"kvm":null,"msrs":null,"nested_hv":null,"pae":null,"pmu":null,"priv_net":null,"ps2":null,"pv_spinlock":null,"ras":null,"sbbc":null,"smm":{"state":"on","tseg":null,"tseg_unit":null},"tcg":null,"viridian":null,"vm_core_info":null,"vm_port":{"state":"off"},"xen":null},"gen_id":null,"hwuuid":null,"id":17,"id_map":null,"io_thread_i_ds":null,"io_threads":null,"key_wrap":null,"launch_security":null,"maximum_memory":null,"maximum_memory_slots":null,"maximum_memory_unit":null,"memory":8192,"memory_backing":null,"memory_dump_core":null,"memory_tune":null,"memory_unit":"MiB","metadata":null,"name":"k8s-worker01","numa_tune":null,"on_crash":null,"on_poweroff":null,"on_reboot":null,"os":{"acpi":null,"bios":null,"boot_devices":null,"boot_menu":null,"cmdline":null,"dtb":null,"firmware":"efi","firmware_info":null,"init":null,"init_args":null,"init_dir":null,"init_env":null,"init_group":null,"init_user":null,"initrd":null,"kernel":null,"loader":null,"loader_format":null,"loader_readonly":null,"loader_secure":null,"loader_stateless":null,"loader_type":null,"nv_ram":null,"shim":null,"sm_bios":null,"type":"hvm","type_arch":"x86_64","type_machine":"q35"},"perf":null,"pm":{"suspend_to_disk":{"enabled":"no"},"suspend_to_mem":{"enabled":"no"}},"resource":null,"running":true,"sec_label":null,"sys_info":null,"throttle_groups":null,"title":null,"type":"kvm","uuid":"4550a8ea-fca0-4d9e-853c-f7df04bd24b5","vcpu":2,"vcpu_cpuset":null,"vcpu_current":null,"vcpu_placement":null,"vcpus":null},"sensitive_attributes":[],"dependencies":["module.orchestration.module.cloudinit.libvirt_cloudinit_disk.this","module.orchestration.module.cloudinit.libvirt_volume.cloudinit_iso","module.orchestration.module.network.libvirt_network.this","module.orchestration.module.volume.libvirt_volume.this"]},{"index_key":"k8s-worker02","schema_version":0,"attributes":{"autostart":null,"block_io_tune":null,"bootloader":null,"bootloader_args":null,"clock":{"adjustment":null,"basis":null,"offset":"utc","start":null,"time_zone":null,"timer":[{"catch_up":null,"frequency":null,"mode":null,"name":"rtc","present":null,"tick_policy":"catchup","track":null},{"catch_up":null,"frequency":null,"mode":null,"name":"pit","present":null,"tick_policy":"delay","track":null},{"catch_up":null,"frequency":null,"mode":null,"name":"hpet","present":"no","tick_policy":null,"track":null}]},"cpu":{"cache":null,"check":null,"deprecated_features":null,"features":null,"match":null,"max_phys_addr":null,"migratable":null,"mode":"host-passthrough","model":null,"model_fallback":null,"model_vendor_id":null,"numa":null,"topology":null,"vendor":null},"cpu_tune":null,"create":null,"current_memory":null,"current_memory_unit":"MiB","default_io_thread":null,"description":null,"destroy":null,"devices":{"audios":null,"channels":[{"acpi":null,"address":null,"alias":null,"log":null,"protocol":null,"source":{"dbus":null,"dev":null,"file":null,"nmdm":null,"null":null,"pipe":null,"pty":null,"qemuvd_agent":null,"spice_port":null,"spice_vmc":null,"std_io":null,"tcp":null,"udp":null,"unix":{"mode":"bind","path":null,"reconnect":null,"sec_label":null},"vc":null},"target":{"guest_fwd":null,"virt_io":{"name":"org.qemu.guest_agent.0","state":null},"xen":null}},{"acpi":null,"address":null,"alias":null,"log":null,"protocol":null,"source":{"dbus":null,"dev":null,"file":null,"nmdm":null,"null":null,"pipe":null,"pty":null,"qemuvd_agent":null,"spice_port":null,"spice_vmc":true,"std_io":null,"tcp":null,"udp":null,"unix":null,"vc":null},"target":{"guest_fwd":null,"virt_io":{"name":"com.redhat.spice.0","state":null},"xen":null}}],"consoles":[{"acpi":null,"address":null,"alias":null,"log":null,"protocol":null,"source":null,"target":{"port":null,"type":"serial"},"tty":null}],"controllers":null,"crypto":null,"disks":[{"acpi":null,"address":null,"alias":null,"auth":null,"backend_domain":null,"backing_store":null,"block_io":null,"boot":{"load_parm":null,"order":1},"device":null,"driver":{"ats":null,"cache":null,"copy_on_read":null,"detect_zeros":null,"discard":"unmap","discard_no_unref":null,"error_policy":null,"event_idx":null,"io":null,"io_event_fd":null,"io_thread":null,"io_threads":null,"iommu":null,"metadata_cache":null,"name":"qemu","packed":null,"page_per_vq":null,"queue_size":null,"queues":null,"rerror_policy":null,"type":"qcow2"},"encryption":null,"geometry":null,"io_tune":null,"mirror":null,"model":null,"product":null,"raw_io":null,"read_only":null,"serial":null,"sgio":null,"shareable":null,"snapshot":null,"source":{"block":null,"cookies":null,"data_store":null,"dir":null,"encryption":null,"file":null,"index":null,"network":null,"nvme":null,"readahead":null,"reservations":null,"slices":null,"ssl":null,"startup_policy":null,"timeout":null,"vhost_user":null,"vhost_vdpa":null,"volume":{"mode":null,"pool":"default","sec_label":null,"volume":"k8s-worker02-os"}},"target":{"bus":"virtio","dev":"vda","removable":null,"rotation_rate":null,"tray":null},"throttle_filters":null,"transient":null,"vendor":null,"wwn":null},{"acpi":null,"address":null,"alias":null,"auth":null,"backend_domain":null,"backing_store":null,"block_io":null,"boot":null,"device":"cdrom","driver":{"ats":null,"cache":null,"copy_on_read":null,"detect_zeros":null,"discard":null,"discard_no_unref":null,"error_policy":null,"event_idx":null,"io":null,"io_event_fd":null,"io_thread":null,"io_threads":null,"iommu":null,"metadata_cache":null,"name":"qemu","packed":null,"page_per_vq":null,"queue_size":null,"queues":null,"rerror_policy":null,"type":"raw"},"encryption":null,"geometry":null,"io_tune":null,"mirror":null,"model":null,"product":null,"raw_io":null,"read_only":null,"serial":null,"sgio":null,"shareable":null,"snapshot":null,"source":{"block":null,"cookies":null,"data_store":null,"dir":null,"encryption":null,"file":null,"index":null,"network":null,"nvme":null,"readahead":null,"reservations":null,"slices":null,"ssl":null,"startup_policy":null,"timeout":null,"vhost_user":null,"vhost_vdpa":null,"volume":{"mode":null,"pool":"default","sec_label":null,"volume":"k8s-worker02-cloudinit.iso"}},"target":{"bus":"sata","dev":"sda","removable":null,"rotation_rate":null,"tray":null},"throttle_filters":null,"transient":null,"vendor":null,"wwn":null}],"emulator":null,"filesystems":null,"graphics":[{"audio":null,"dbus":null,"desktop":null,"egl_headless":null,"rdp":null,"sdl":null,"spice":{"auto_port":true,"channel":null,"clip_board":null,"connected":null,"default_mode":null,"file_transfer":null,"gl":null,"image":{"compression":"off"},"jpeg":null,"keymap":null,"listen":null,"listeners":null,"mouse":null,"passwd":null,"passwd_valid_to":null,"playback":null,"port":null,"streaming":null,"tls_port":null,"zlib":null},"vnc":null}],"hostdevs":null,"hubs":null,"inputs":[{"acpi":null,"address":null,"alias":null,"bus":"usb","driver":null,"model":null,"source":null,"type":"tablet"}],"interfaces":[{"acpi":null,"address":null,"alias":null,"backend":null,"backend_domain":null,"bandwidth":null,"boot":null,"coalesce":null,"down_script":null,"driver":null,"filter_ref":null,"guest":null,"ip":null,"link":null,"mac":null,"managed":null,"model":{"type":"virtio"},"mtu":null,"port_forward":null,"port_options":null,"rom":null,"route":null,"script":null,"source":{"bridge":{"bridge":"bridge0"},"client":null,"direct":null,"ethernet":null,"hostdev":null,"internal":null,"mcast":null,"network":null,"null":null,"server":null,"udp":null,"user":null,"vdpa":null,"vds":null,"vhost_user":null},"target":null,"teaming":null,"trust_guest_rx_filters":null,"tune":null,"virtual_port":null,"vlan":null,"wait_for_ip":null},{"acpi":null,"address":null,"alias":null,"backend":null,"backend_domain":null,"bandwidth":null,"boot":null,"coalesce":null,"down_script":null,"driver":null,"filter_ref":null,"guest":null,"ip":null,"link":null,"mac":null,"managed":null,"model":{"type":"virtio"},"mtu":null,"port_forward":null,"port_options":null,"rom":null,"route":null,"script":null,"source":{"bridge":null,"client":null,"direct":null,"ethernet":null,"hostdev":null,"internal":null,"mcast":null,"network":{"bridge":null,"network":"k8s-cluster","port_group":null,"port_id":null},"null":null,"server":null,"udp":null,"user":null,"vdpa":null,"vds":null,"vhost_user":null},"target":null,"teaming":null,"trust_guest_rx_filters":null,"tune":null,"virtual_port":null,"vlan":null,"wait_for_ip":null},{"acpi":null,"address":null,"alias":null,"backend":null,"backend_domain":null,"bandwidth":null,"boot":null,"coalesce":null,"down_script":null,"driver":null,"filter_ref":null,"guest":null,"ip":null,"link":null,"mac":null,"managed":null,"model":{"type":"virtio"},"mtu":null,"port_forward":null,"port_options":null,"rom":null,"route":null,"script":null,"source":{"bridge":null,"client":null,"direct":null,"ethernet":null,"hostdev":null,"internal":null,"mcast":null,"network":{"bridge":null,"network":"k8s-storage","port_group":null,"port_id":null},"null":null,"server":null,"udp":null,"user":null,"vdpa":null,"vds":null,"vhost_user":null},"target":null,"teaming":null,"trust_guest_rx_filters":null,"tune":null,"virtual_port":null,"vlan":null,"wait_for_ip":null}],"iommu":null,"leases":null,"mem_balloon":null,"memorydevs":null,"nvram":null,"panics":null,"parallels":null,"pstore":null,"redir_devs":[{"acpi":null,"address":null,"alias":null,"boot":null,"bus":"usb","protocol":null,"source":{"dbus":null,"dev":null,"file":null,"nmdm":null,"null":null,"pipe":null,"pty":null,"qemuvd_agent":null,"spice_port":null,"spice_vmc":true,"std_io":null,"tcp":null,"udp":null,"unix":null,"vc":null}},{"acpi":null,"address":null,"alias":null,"boot":null,"bus":"usb","protocol":null,"source":{"dbus":null,"dev":null,"file":null,"nmdm":null,"null":null,"pipe":null,"pty":null,"qemuvd_agent":null,"spice_port":null,"spice_vmc":true,"std_io":null,"tcp":null,"udp":null,"unix":null,"vc":null}}],"redir_filters":null,"rngs":[{"acpi":null,"address":null,"alias":null,"backend":{"built_in":null,"egd":null,"random":"/dev/urandom"},"driver":null,"model":"virtio","rate":null}],"serials":null,"shmems":null,"smartcards":null,"sounds":[{"acpi":null,"address":null,"alias":null,"audio":null,"codec":null,"driver":null,"model":"ich9","multi_channel":null,"streams":null}],"tpms":[{"acpi":null,"address":null,"alias":null,"backend":{"emulator":{"active_pcr_banks":null,"debug":null,"encryption":null,"persistent_state":null,"profile":null,"source":null,"version":"2.0"},"external":null,"passthrough":null},"model":"tpm-crb"}],"videos":[{"acpi":null,"address":null,"alias":null,"driver":null,"model":{"accel":null,"blob":null,"edid":null,"heads":1,"primary":"yes","ram":null,"resolution":null,"type":"virtio","vga_mem":null,"vram":null,"vram64":null}}],"vsock":null,"watchdogs":null},"features":{"acpi":true,"aia":null,"apic":{"eoi":"on"},"async_teardown":null,"capabilities":null,"ccf_assist":null,"cfpc":null,"gic":null,"hap":null,"hpt":null,"htm":null,"hyper_v":null,"ibs":null,"ioapic":null,"kvm":null,"msrs":null,"nested_hv":null,"pae":null,"pmu":null,"priv_net":null,"ps2":null,"pv_spinlock":null,"ras":null,"sbbc":null,"smm":{"state":"on","tseg":null,"tseg_unit":null},"tcg":null,"viridian":null,"vm_core_info":null,"vm_port":{"state":"off"},"xen":null},"gen_id":null,"hwuuid":null,"id":18,"id_map":null,"io_thread_i_ds":null,"io_threads":null,"key_wrap":null,"launch_security":null,"maximum_memory":null,"maximum_memory_slots":null,"maximum_memory_unit":null,"memory":8192,"memory_backing":null,"memory_dump_core":null,"memory_tune":null,"memory_unit":"MiB","metadata":null,"name":"k8s-worker02","numa_tune":null,"on_crash":null,"on_poweroff":null,"on_reboot":null,"os":{"acpi":null,"bios":null,"boot_devices":null,"boot_menu":null,"cmdline":null,"dtb":null,"firmware":"efi","firmware_info":null,"init":null,"init_args":null,"init_dir":null,"init_env":null,"init_group":null,"init_user":null,"initrd":null,"kernel":null,"loader":null,"loader_format":null,"loader_readonly":null,"loader_secure":null,"loader_stateless":null,"loader_type":null,"nv_ram":null,"shim":null,"sm_bios":null,"type":"hvm","type_arch":"x86_64","type_machine":"q35"},"perf":null,"pm":{"suspend_to_disk":{"enabled":"no"},"suspend_to_mem":{"enabled":"no"}},"resource":null,"running":true,"sec_label":null,"sys_info":null,"throttle_groups":null,"title":null,"type":"kvm","uuid":"ae1afa23-5b46-477e-9de3-11e6e4d462ba","vcpu":2,"vcpu_cpuset":null,"vcpu_current":null,"vcpu_placement":null,"vcpus":null},"sensitive_attributes":[],"dependencies":["module.orchestration.module.cloudinit.libvirt_cloudinit_disk.this","module.orchestration.module.cloudinit.libvirt_volume.cloudinit_iso","module.orchestration.module.network.libvirt_network.this","module.orchestration.module.volume.libvirt_volume.this"]}]},{"module":"module.orchestration.module.network","mode":"managed","type":"libvirt_network","name":"this","provider":"provider[\"registry.opentofu.org/dmacvicar/libvirt\"]","instances":[{"index_key":"k8s-cluster","schema_version":0,"attributes":{"autostart":true,"bandwidth":null,"bridge":{"delay":null,"mac_table_manager":null,"name":"br-k8s-cluster","stp":null,"zone":null},"dns":null,"domain":{"local_only":null,"name":"k8s-cluster"},"forward":null,"id":"82606096-bc9f-4e12-b686-6a2641e31f67","ips":[{"address":"172.16.200.1","dhcp":null,"family":null,"local_ptr":null,"netmask":null,"prefix":24,"tftp":null}],"ipv6":null,"mac":null,"metadata":null,"mtu":null,"name":"k8s-cluster","port_groups":null,"port_options":null,"routes":null,"trust_guest_rx_filters":null,"uuid":"82606096-bc9f-4e12-b686-6a2641e31f67","virtual_port":null,"vlan":null},"sensitive_attributes":[]},{"index_key":"k8s-storage","schema_version":0,"attributes":{"autostart":true,"bandwidth":null,"bridge":{"delay":null,"mac_table_manager":null,"name":"br-k8s-storage","stp":null,"zone":null},"dns":null,"domain":{"local_only":null,"name":"k8s-storage"},"forward":null,"id":"6ad3e41b-3f00-47a0-acf4-4154f2f85fd5","ips":[{"address":"172.16.201.1","dhcp":null,"family":null,"local_ptr":null,"netmask":null,"prefix":24,"tftp":null}],"ipv6":null,"mac":null,"metadata":null,"mtu":null,"name":"k8s-storage","port_groups":null,"port_options":null,"routes":null,"trust_guest_rx_filters":null,"uuid":"6ad3e41b-3f00-47a0-acf4-4154f2f85fd5","virtual_port":null,"vlan":null},"sensitive_attributes":[]}]},{"module":"module.orchestration.module.volume","mode":"managed","type":"libvirt_volume","name":"this","provider":"provider[\"registry.opentofu.org/dmacvicar/libvirt\"]","instances":[{"index_key":"k8s-master01-os","schema_version":0,"attributes":{"allocation":200704,"allocation_unit":null,"backing_store":{"format":{"type":"qcow2"},"path":"/home/kharma/vm/ubuntu-24-cloud.x86_64.qcow2","permissions":null},"capacity":26843545600,"capacity_unit":null,"create":null,"id":"/home/kharma/vm/k8s-master01-os","key":"/home/kharma/vm/k8s-master01-os","name":"k8s-master01-os","path":"/home/kharma/vm/k8s-master01-os","physical":197008,"physical_unit":null,"pool":"default","target":{"cluster_size":null,"cluster_size_unit":null,"compat":null,"encryption":null,"features":null,"format":{"type":"qcow2"},"path":"/home/kharma/vm/k8s-master01-os","permissions":null,"timestamps":null},"type":null},"sensitive_attributes":[],"dependencies":["module.orchestration.module.network.libvirt_network.this"]},{"index_key":"k8s-worker01-os","schema_version":0,"attributes":{"allocation":200704,"allocation_unit":null,"backing_store":{"format":{"type":"qcow2"},"path":"/home/kharma/vm/ubuntu-24-cloud.x86_64.qcow2","permissions":null},"capacity":26843545600,"capacity_unit":null,"create":null,"id":"/home/kharma/vm/k8s-worker01-os","key":"/home/kharma/vm/k8s-worker01-os","name":"k8s-worker01-os","path":"/home/kharma/vm/k8s-worker01-os","physical":197008,"physical_unit":null,"pool":"default","target":{"cluster_size":null,"cluster_size_unit":null,"compat":null,"encryption":null,"features":null,"format":{"type":"qcow2"},"path":"/home/kharma/vm/k8s-worker01-os","permissions":null,"timestamps":null},"type":null},"sensitive_attributes":[],"dependencies":["module.orchestration.module.network.libvirt_network.this"]},{"index_key":"k8s-worker02-os","schema_version":0,"attributes":{"allocation":200704,"allocation_unit":null,"backing_store":{"format":{"type":"qcow2"},"path":"/home/kharma/vm/ubuntu-24-cloud.x86_64.qcow2","permissions":null},"capacity":26843545600,"capacity_unit":null,"create":null,"id":"/home/kharma/vm/k8s-worker02-os","key":"/home/kharma/vm/k8s-worker02-os","name":"k8s-worker02-os","path":"/home/kharma/vm/k8s-worker02-os","physical":197008,"physical_unit":null,"pool":"default","target":{"cluster_size":null,"cluster_size_unit":null,"compat":null,"encryption":null,"features":null,"format":{"type":"qcow2"},"path":"/home/kharma/vm/k8s-worker02-os","permissions":null,"timestamps":null},"type":null},"sensitive_attributes":[],"dependencies":["module.orchestration.module.network.libvirt_network.this"]}]}],"check_results":null}
