{"version":4,"terraform_version":"1.11.2","serial":5,"lineage":"6d99ffe2-7506-3f27-5b14-8e52dab235ad","outputs":{"created_cloudinits":{"value":{"Ncore03":{"name":"Ncore03-cloudinit.iso","pool":"default"},"Nfirewall03":{"name":"Nfirewall03-cloudinit.iso","pool":"default"},"SansibleSVR03":{"name":"SansibleSVR03-cloudinit.iso","pool":"default"}},"type":["object",{"Ncore03":["object",{"name":"string","pool":"string"}],"Nfirewall03":["object",{"name":"string","pool":"string"}],"SansibleSVR03":["object",{"name":"string","pool":"string"}]}]},"created_networks":{"value":{"clientes_fin-net":{"bridge":{"delay":null,"mac_table_manager":null,"name":"br-clientes_fin","stp":null,"zone":null},"id":"09859bfd-65e2-4cd3-b7a2-a883357e8ee5","name":"clientes_fin-net"},"clientes_ti-net":{"bridge":{"delay":null,"mac_table_manager":null,"name":"br-clientes_ti-","stp":null,"zone":null},"id":"15778bc5-62ce-4dd3-8980-7f1e0a150949","name":"clientes_ti-net"},"dmz-net":{"bridge":{"delay":null,"mac_table_manager":null,"name":"br-dmz-net","stp":null,"zone":null},"id":"2d5cc5f5-a335-4fd2-8ad9-fb36342711d5","name":"dmz-net"},"servers-net":{"bridge":{"delay":null,"mac_table_manager":null,"name":"br-servers-net","stp":null,"zone":null},"id":"2eec91b7-4efe-4207-a797-863ebaa07523","name":"servers-net"},"uplink-net":{"bridge":{"delay":null,"mac_table_manager":null,"name":"br-uplink-net","stp":null,"zone":null},"id":"ad50be15-b158-4010-a71c-9fad669ff4e2","name":"uplink-net"},"wan-net":{"bridge":{"delay":null,"mac_table_manager":null,"name":"br-wan-net","stp":null,"zone":null},"id":"2a495101-52dc-4b6d-afda-515a63fe0252","name":"wan-net"}},"type":["object",{"clientes_fin-net":["object",{"bridge":["object",{"delay":"string","mac_table_manager":"string","name":"string","stp":"string","zone":"string"}],"id":"string","name":"string"}],"clientes_ti-net":["object",{"bridge":["object",{"delay":"string","mac_table_manager":"string","name":"string","stp":"string","zone":"string"}],"id":"string","name":"string"}],"dmz-net":["object",{"bridge":["object",{"delay":"string","mac_table_manager":"string","name":"string","stp":"string","zone":"string"}],"id":"string","name":"string"}],"servers-net":["object",{"bridge":["object",{"delay":"string","mac_table_manager":"string","name":"string","stp":"string","zone":"string"}],"id":"string","name":"string"}],"uplink-net":["object",{"bridge":["object",{"delay":"string","mac_table_manager":"string","name":"string","stp":"string","zone":"string"}],"id":"string","name":"string"}],"wan-net":["object",{"bridge":["object",{"delay":"string","mac_table_manager":"string","name":"string","stp":"string","zone":"string"}],"id":"string","name":"string"}]}]},"created_volumes":{"value":{"Ncore03-os":{"id":"/home/mdonato/vm/Ncore03-os","name":"Ncore03-os","pool":"default"},"Nfirewall03-os":{"id":"/home/mdonato/vm/Nfirewall03-os","name":"Nfirewall03-os","pool":"default"},"SansibleSVR03-os":{"id":"/home/mdonato/vm/SansibleSVR03-os","name":"SansibleSVR03-os","pool":"default"}},"type":["object",{"Ncore03-os":["object",{"id":"string","name":"string","pool":"string"}],"Nfirewall03-os":["object",{"id":"string","name":"string","pool":"string"}],"SansibleSVR03-os":["object",{"id":"string","name":"string","pool":"string"}]}]},"provisioned_vms":{"value":{"Ncore03":{"current_memory":2048,"disks":[{"bootable":true,"size_gb":10,"vol_name":"Ncore03-os"}],"memory":2048,"networks":[{"ipv4_address":"10.21.1.3","ipv4_gateway":"10.21.1.2","ipv4_prefix":29,"name":"uplink-net","wait_for_lease":false},{"ipv4_address":"10.20.200.254","ipv4_prefix":24,"name":"dmz-net","wait_for_lease":false},{"ipv4_address":"10.20.100.254","ipv4_prefix":24,"name":"servers-net","wait_for_lease":false},{"ipv4_address":"10.20.10.254","ipv4_prefix":24,"name":"clientes_ti-net","wait_for_lease":false},{"ipv4_address":"10.20.11.254","ipv4_prefix":24,"name":"clientes_fin-net","wait_for_lease":false}],"os_type":"vyos","running":true,"status":"running","vcpus":2},"Nfirewall03":{"current_memory":1024,"disks":[{"bootable":true,"size_gb":10,"vol_name":"Nfirewall03-os"}],"memory":2048,"networks":[{"name":"wan-net","wait_for_lease":true},{"ipv4_address":"10.21.1.2","ipv4_prefix":29,"name":"uplink-net","wait_for_lease":false}],"os_type":"vyos","running":true,"status":"running","vcpus":2},"SansibleSVR03":{"current_memory":2048,"disks":[{"bootable":true,"size_gb":20,"vol_name":"SansibleSVR03-os"}],"memory":2048,"networks":[{"dns_servers":["8.8.8.8"],"ipv4_address":"10.20.100.20","ipv4_gateway":"10.20.100.254","ipv4_prefix":24,"name":"servers-net"}],"os_type":"linux","running":true,"status":"running","vcpus":2}},"type":["object",{"Ncore03":["object",{"current_memory":"number","disks":["tuple",[["object",{"bootable":"bool","size_gb":"number","vol_name":"string"}]]],"memory":"number","networks":["tuple",[["object",{"ipv4_address":"string","ipv4_gateway":"string","ipv4_prefix":"number","name":"string","wait_for_lease":"bool"}],["object",{"ipv4_address":"string","ipv4_prefix":"number","name":"string","wait_for_lease":"bool"}],["object",{"ipv4_address":"string","ipv4_prefix":"number","name":"string","wait_for_lease":"bool"}],["object",{"ipv4_address":"string","ipv4_prefix":"number","name":"string","wait_for_lease":"bool"}],["object",{"ipv4_address":"string","ipv4_prefix":"number","name":"string","wait_for_lease":"bool"}]]],"os_type":"string","running":"bool","status":"string","vcpus":"number"}],"Nfirewall03":["object",{"current_memory":"number","disks":["tuple",[["object",{"bootable":"bool","size_gb":"number","vol_name":"string"}]]],"memory":"number","networks":["tuple",[["object",{"name":"string","wait_for_lease":"bool"}],["object",{"ipv4_address":"string","ipv4_prefix":"number","name":"string","wait_for_lease":"bool"}]]],"os_type":"string","running":"bool","status":"string","vcpus":"number"}],"SansibleSVR03":["object",{"current_memory":"number","disks":["tuple",[["object",{"bootable":"bool","size_gb":"number","vol_name":"string"}]]],"memory":"number","networks":["tuple",[["object",{"dns_servers":["tuple",["string"]],"ipv4_address":"string","ipv4_gateway":"string","ipv4_prefix":"number","name":"string"}]]],"os_type":"string","running":"bool","status":"string","vcpus":"number"}]}]}},"resources":[{"module":"module.orchestration.module.cloudinit","mode":"managed","type":"libvirt_cloudinit_disk","name":"this","provider":"provider[\"registry.opentofu.org/dmacvicar/libvirt\"]","instances":[{"index_key":"Ncore03","schema_version":0,"attributes":{"id":"10c601cdb448cab1","meta_data":"","name":"Ncore03-cloudinit","network_config":"version: 2\nethernets:\n  eth0:\n    dhcp4: false\n    dhcp6: false\n  eth1:\n    dhcp4: false\n    dhcp6: false\n  eth2:\n    dhcp4: false\n    dhcp6: false\n  eth3:\n    dhcp4: false\n    dhcp6: false\n  eth4:\n    dhcp4: false\n    dhcp6: false\n","path":"/tmp/terraform-provider-libvirt-cloudinit/cloudinit-10c601cdb448cab1.iso","size":45056,"user_data":"#cloud-config\nvyos_config_commands:\n  # Hostname\n  - set system host-name 'ncore03'\n\n  # Usuário com chave SSH\n  - set system login user ansible authentication encrypted-password '$6$hTsm9OSnl0JnaIL/$h.UQHqWJaUkU9TEDrZ13xfkampt5imBmM7eap60MIW79cgE.qXj/JDv20RtbDM1iDFoR7UW8VWDJ1xIGQ9LMh.'\n  - set system login user ansible authentication public-keys ansible_key.pub key 'AAAAB3NzaC1yc2EAAAADAQABAAABAQDhRcBsR4KZ9f8fq1Jtpkhg4j0dzCYpRFXGk2L59BYrp6cHt/cz7WE+NRpF5PwP0dvMK/Ai8Ab3jE5F4Gm6gmwvsQhQg8B7HXRu5f+TdOnnhdHhlriZlYvCcUS9C+Ys61gU7/WWiEpIrp4vFTo4zOKkraMKaIEABKXn0IbTXj0NP64xM3ArOj8G0Cy+XTHJtMR9HRyLRcvVQtgwPvyigNwyit9Tu2hYzqPDz3vSvX9mILaFh8IuWGxVa0+GdtfKOSMqnY4WymPHjl7pwkaBbpwC6zHMEVycP7WBmQbkD34NBbzGrK2n/NbM3CvMJ2YqhQ0iOt1pr/sgAIGzg0A+TvQ5'\n  - set system login user ansible authentication public-keys ansible_key.pub type 'ssh-rsa'\n\n  # Interface eth0\n  - set interfaces ethernet eth0 description 'uplink-net'\n\n  # --- IPv4 ---\n  - delete interfaces ethernet eth0 address 'dhcp'\n  - set interfaces ethernet eth0 address '10.21.1.3/29'\n\n  # --- IPv6 ---\n  - delete interfaces ethernet eth0 address 'dhcpv6'\n  # Interface eth1\n  - set interfaces ethernet eth1 description 'dmz-net'\n\n  # --- IPv4 ---\n  - delete interfaces ethernet eth1 address 'dhcp'\n  - set interfaces ethernet eth1 address '10.20.200.254/24'\n\n  # --- IPv6 ---\n  - delete interfaces ethernet eth1 address 'dhcpv6'\n  # Interface eth2\n  - set interfaces ethernet eth2 description 'servers-net'\n\n  # --- IPv4 ---\n  - delete interfaces ethernet eth2 address 'dhcp'\n  - set interfaces ethernet eth2 address '10.20.100.254/24'\n\n  # --- IPv6 ---\n  - delete interfaces ethernet eth2 address 'dhcpv6'\n  # Interface eth3\n  - set interfaces ethernet eth3 description 'clientes_ti-net'\n\n  # --- IPv4 ---\n  - delete interfaces ethernet eth3 address 'dhcp'\n  - set interfaces ethernet eth3 address '10.20.10.254/24'\n\n  # --- IPv6 ---\n  - delete interfaces ethernet eth3 address 'dhcpv6'\n  # Interface eth4\n  - set interfaces ethernet eth4 description 'clientes_fin-net'\n\n  # --- IPv4 ---\n  - delete interfaces ethernet eth4 address 'dhcp'\n  - set interfaces ethernet eth4 address '10.20.11.254/24'\n\n  # --- IPv6 ---\n  - delete interfaces ethernet eth4 address 'dhcpv6'\n\n  # --- Gateway ---\n  - set protocols static route 0.0.0.0/0 next-hop '10.21.1.2'\n\n"},"sensitive_attributes":[],"dependencies":["module.orchestration.module.network.libvirt_network.this","module.orchestration.module.volume.libvirt_volume.this"]},{"index_key":"Nfirewall03","schema_version":0,"attributes":{"id":"0d98c44a76e8a0ea","meta_data":"","name":"Nfirewall03-cloudinit","network_config":"version: 2\nethernets:\n  eth0:\n    dhcp4: false\n    dhcp6: false\n  eth1:\n    dhcp4: false\n    dhcp6: false\n","path":"/tmp/terraform-provider-libvirt-cloudinit/cloudinit-0d98c44a76e8a0ea.iso","size":43008,"user_data":"#cloud-config\nvyos_config_commands:\n  # Hostname\n  - set system host-name 'nfirewall03'\n\n  # Usuário com chave SSH\n  - set system login user ansible authentication encrypted-password '$6$hTsm9OSnl0JnaIL/$h.UQHqWJaUkU9TEDrZ13xfkampt5imBmM7eap60MIW79cgE.qXj/JDv20RtbDM1iDFoR7UW8VWDJ1xIGQ9LMh.'\n  - set system login user ansible authentication public-keys ansible_key.pub key 'AAAAB3NzaC1yc2EAAAADAQABAAABAQDhRcBsR4KZ9f8fq1Jtpkhg4j0dzCYpRFXGk2L59BYrp6cHt/cz7WE+NRpF5PwP0dvMK/Ai8Ab3jE5F4Gm6gmwvsQhQg8B7HXRu5f+TdOnnhdHhlriZlYvCcUS9C+Ys61gU7/WWiEpIrp4vFTo4zOKkraMKaIEABKXn0IbTXj0NP64xM3ArOj8G0Cy+XTHJtMR9HRyLRcvVQtgwPvyigNwyit9Tu2hYzqPDz3vSvX9mILaFh8IuWGxVa0+GdtfKOSMqnY4WymPHjl7pwkaBbpwC6zHMEVycP7WBmQbkD34NBbzGrK2n/NbM3CvMJ2YqhQ0iOt1pr/sgAIGzg0A+TvQ5'\n  - set system login user ansible authentication public-keys ansible_key.pub type 'ssh-rsa'\n\n  # Interface eth0\n  - set interfaces ethernet eth0 description 'wan-net'\n\n  # --- IPv4 ---\n  - set interfaces ethernet eth0 address 'dhcp'\n\n  # --- IPv6 ---\n  - set interfaces ethernet eth0 address 'dhcpv6'\n  # Interface eth1\n  - set interfaces ethernet eth1 description 'uplink-net'\n\n  # --- IPv4 ---\n  - delete interfaces ethernet eth1 address 'dhcp'\n  - set interfaces ethernet eth1 address '10.21.1.2/29'\n\n  # --- IPv6 ---\n  - delete interfaces ethernet eth1 address 'dhcpv6'\n\n  # --- Gateway ---\n\n  # --- Configuração de Firewall/NAT ---\n  \n  # Habilitar forwarding IP\n  - set system ip forwarding\n  \n  # Configurar NAT (masquerade) para todas as redes internas\n  - set nat source rule 10 outbound-interface name 'eth0'\n  - set nat source rule 10 translation address 'masquerade'\n  \n  # Rotas de retorno para redes internas\n  - set protocols static route 10.20.200.0/24 next-hop '10.21.1.3'\n  - set protocols static route 10.20.100.0/24 next-hop '10.21.1.3'\n  - set protocols static route 10.20.10.0/24 next-hop '10.21.1.3'\n  - set protocols static route 10.20.11.0/24 next-hop '10.21.1.3'\n  \n"},"sensitive_attributes":[],"dependencies":["module.orchestration.module.network.libvirt_network.this","module.orchestration.module.volume.libvirt_volume.this"]},{"index_key":"SansibleSVR03","schema_version":0,"attributes":{"id":"fb63138999fd383d","meta_data":"instance-id: SansibleSVR03\nlocal-hostname: SansibleSVR03\n","name":"SansibleSVR03-cloudinit","network_config":"network:\n  version: 2\n  ethernets:\n    enp1s0:\n      dhcp4: false\n      dhcp6: false\n      addresses:\n        - 10.20.100.20/24\n      routes:\n        - to: 0.0.0.0/0\n          via: 10.20.100.254\n      nameservers:\n        addresses: [\"8.8.8.8\"]\n","path":"/tmp/terraform-provider-libvirt-cloudinit/cloudinit-fb63138999fd383d.iso","size":47104,"user_data":"#cloud-config\n\nssh_pwauth: true\n\nhostname: sansiblesvr03\nfqdn: sansiblesvr03.teste.local\n\nmanage_etc_hosts: true\n\n\n#chpasswd:\n#  list: |\n#    root:$6$icCsrgPFmUJ7y40/$2TligMlpR5P2FiFsjrxNZmmYsBmOkpd0sJ4Am/8x6Ko8grcjVf08ZKeUPgiGaNohkZSJrtqVCLKBxGZ6vDY4e1\n#  expire: false\n\n\nusers:\n  - name: ansible\n    gecos: \"Usuário de Laboratório\"\n    groups: [wheel, sudo, admin]\n    shell: /bin/bash\n    sudo: \"ALL=(ALL) NOPASSWD:ALL\"\n    lock_passwd: false\n    passwd: \"$6$hTsm9OSnl0JnaIL/$h.UQHqWJaUkU9TEDrZ13xfkampt5imBmM7eap60MIW79cgE.qXj/JDv20RtbDM1iDFoR7UW8VWDJ1xIGQ9LMh.\"\n    ssh_authorized_keys:\n      - ssh-rsa AAAAB3NzaC1yc2EAAAADAQABAAABAQDhRcBsR4KZ9f8fq1Jtpkhg4j0dzCYpRFXGk2L59BYrp6cHt/cz7WE+NRpF5PwP0dvMK/Ai8Ab3jE5F4Gm6gmwvsQhQg8B7HXRu5f+TdOnnhdHhlriZlYvCcUS9C+Ys61gU7/WWiEpIrp4vFTo4zOKkraMKaIEABKXn0IbTXj0NP64xM3ArOj8G0Cy+XTHJtMR9HRyLRcvVQtgwPvyigNwyit9Tu2hYzqPDz3vSvX9mILaFh8IuWGxVa0+GdtfKOSMqnY4WymPHjl7pwkaBbpwC6zHMEVycP7WBmQbkD34NBbzGrK2n/NbM3CvMJ2YqhQ0iOt1pr/sgAIGzg0A+TvQ5 mdonato@aesthar\n\npackage_update: true\n#package_upgrade: true\n\ntimezone: America/Sao_Paulo\nlocale: en_US.UTF-8\nkeyboard:\n  layout: br\n  model: pc105\n  variant: abnt2\n\npackages:\n  - vim\n  - curl\n  - wget\n  - net-tools\n  - git\n  - tmux\n  - qemu-guest-agent\n  - bash-completion\n  - python3\n  - ansible\n  - python3-pip\n  - python3-devel\n  - python3-paramiko\n  - gcc\n  - libssh-devel\n\n\nruncmd:\n  - [ systemctl, enable, --now, qemu-guest-agent.service ]\n  - [ timedatectl, set-timezone, America/Sao_Paulo ]\n  - |\n    #!/bin/bash\n    if [-f /etc/redhat-release ]; then\n      localectl set-locale LANG=en_US.UTF-8\n      localectl set-keymap br-abnt2\n    fi\n  - [ git, clone, https://github.com/donato-marcos/TCC_ansible.git, /home/ansible/ansible]\n  - [ chown, -R, ansible:ansible, /home/ansible/ansible ]\n  - [ pip, install, pywinrm, ansible-pylibssh ]\n  - [ sudo, -u, ansible, ssh-keygen, -t, rsa, -b, \"2048\", -f, /home/ansible/.ssh/ansible_key, -N, \"\" ]\n  - |\n    cat \u003c\u003c 'EOF' \u003e /home/ansible/.tmux.conf\n    set -g prefix ^B\n    set -g renumber-windows on\n    set -g base-index 1\n    set-option -g mouse on\n    set-option -g status-position top\n\n    bind-key -n M-a setw synchronize-panes on\n    bind-key -n M-d setw synchronize-panes off\n\n    set -g window-status-activity-style bg=red\n    set -g window-status-current-format \"#{?pane_synchronized,[SYNC] ,}#I:#W\"\n    EOF\n  - [ chown, ansible:ansible, /home/ansible/.tmux.conf ]\n\n"},"sensitive_attributes":[],"dependencies":["module.orchestration.module.network.libvirt_network.this","module.orchestration.module.volume.libvirt_volume.this"]}]},{"module":"module.orchestration.module.cloudinit","mode":"managed","type":"libvirt_volume","name":"cloudinit_iso","provider":"provider[\"registry.opentofu.org/dmacvicar/libvirt\"]","instances":[{"index_key":"Ncore03","schema_version":0,"attributes":{"allocation":45056,"allocation_unit":null,"backing_store":null,"capacity":45056,"capacity_unit":null,"create":{"content":{"url":"/tmp/terraform-provider-libvirt-cloudinit/cloudinit-10c601cdb448cab1.iso"}},"id":"/home/mdonato/vm/Ncore03-cloudinit.iso","key":"/home/mdonato/vm/Ncore03-cloudinit.iso","name":"Ncore03-cloudinit.iso","path":"/home/mdonato/vm/Ncore03-cloudinit.iso","physical":45056,"physical_unit":null,"pool":"default","target":null,"type":null},"sensitive_attributes":[],"dependencies":["module.orchestration.module.cloudinit.libvirt_cloudinit_disk.this","module.orchestration.module.network.libvirt_network.this","module.orchestration.module.volume.libvirt_volume.this"]},{"index_key":"Nfirewall03","schema_version":0,"attributes":{"allocation":45056,"allocation_unit":null,"backing_store":null,"capacity":43008,"capacity_unit":null,"create":{"content":{"url":"/tmp/terraform-provider-libvirt-cloudinit/cloudinit-0d98c44a76e8a0ea.iso"}},"id":"/home/mdonato/vm/Nfirewall03-cloudinit.iso","key":"/home/mdonato/vm/Nfirewall03-cloudinit.iso","name":"Nfirewall03-cloudinit.iso","path":"/home/mdonato/vm/Nfirewall03-cloudinit.iso","physical":43008,"physical_unit":null,"pool":"default","target":null,"type":null},"sensitive_attributes":[],"dependencies":["module.orchestration.module.cloudinit.libvirt_cloudinit_disk.this","module.orchestration.module.network.libvirt_network.this","module.orchestration.module.volume.libvirt_volume.this"]},{"index_key":"SansibleSVR03","schema_version":0,"attributes":{"allocation":49152,"allocation_unit":null,"backing_store":null,"capacity":47104,"capacity_unit":null,"create":{"content":{"url":"/tmp/terraform-provider-libvirt-cloudinit/cloudinit-fb63138999fd383d.iso"}},"id":"/home/mdonato/vm/SansibleSVR03-cloudinit.iso","key":"/home/mdonato/vm/SansibleSVR03-cloudinit.iso","name":"SansibleSVR03-cloudinit.iso","path":"/home/mdonato/vm/SansibleSVR03-cloudinit.iso","physical":47104,"physical_unit":null,"pool":"default","target":null,"type":null},"sensitive_attributes":[],"dependencies":["module.orchestration.module.cloudinit.libvirt_cloudinit_disk.this","module.orchestration.module.network.libvirt_network.this","module.orchestration.module.volume.libvirt_volume.this"]}]},{"module":"module.orchestration.module.domain_linux","mode":"managed","type":"libvirt_domain","name":"this","provider":"provider[\"registry.opentofu.org/dmacvicar/libvirt\"]","instances":[{"index_key":"Ncore03","schema_version":0,"attributes":{"autostart":null,"block_io_tune":null,"bootloader":null,"bootloader_args":null,"clock":{"adjustment":null,"basis":null,"offset":"utc","start":null,"time_zone":null,"timer":[{"catch_up":null,"frequency":null,"mode":null,"name":"rtc","present":null,"tick_policy":"catchup","track":null},{"catch_up":null,"frequency":null,"mode":null,"name":"pit","present":null,"tick_policy":"delay","track":null},{"catch_up":null,"frequency":null,"mode":null,"name":"hpet","present":"no","tick_policy":null,"track":null}]},"cpu":{"cache":null,"check":null,"deprecated_features":null,"features":null,"match":null,"max_phys_addr":null,"migratable":null,"mode":"host-passthrough","model":null,"model_fallback":null,"model_vendor_id":null,"numa":null,"topology":null,"vendor":null},"cpu_tune":null,"create":null,"current_memory":null,"current_memory_unit":"MiB","default_io_thread":null,"description":null,"destroy":null,"devices":{"audios":null,"channels":[{"acpi":null,"address":null,"alias":null,"log":null,"protocol":null,"source":{"dbus":null,"dev":null,"file":null,"nmdm":null,"null":null,"pipe":null,"pty":null,"qemuvd_agent":null,"spice_port":null,"spice_vmc":null,"std_io":null,"tcp":null,"udp":null,"unix":{"mode":"bind","path":null,"reconnect":null,"sec_label":null},"vc":null},"target":{"guest_fwd":null,"virt_io":{"name":"org.qemu.guest_agent.0","state":null},"xen":null}}],"consoles":[{"acpi":null,"address":null,"alias":null,"log":null,"protocol":null,"source":null,"target":{"port":null,"type":"serial"},"tty":null}],"controllers":null,"crypto":null,"disks":[{"acpi":null,"address":null,"alias":null,"auth":null,"backend_domain":null,"backing_store":null,"block_io":null,"boot":{"load_parm":null,"order":1},"device":null,"driver":{"ats":null,"cache":null,"copy_on_read":null,"detect_zeros":null,"discard":"unmap","discard_no_unref":null,"error_policy":null,"event_idx":null,"io":null,"io_event_fd":null,"io_thread":null,"io_threads":null,"iommu":null,"metadata_cache":null,"name":"qemu","packed":null,"page_per_vq":null,"queue_size":null,"queues":null,"rerror_policy":null,"type":"qcow2"},"encryption":null,"geometry":null,"io_tune":null,"mirror":null,"model":null,"product":null,"raw_io":null,"read_only":null,"serial":null,"sgio":null,"shareable":null,"snapshot":null,"source":{"block":null,"cookies":null,"data_store":null,"dir":null,"encryption":null,"file":null,"index":null,"network":null,"nvme":null,"readahead":null,"reservations":null,"slices":null,"ssl":null,"startup_policy":null,"timeout":null,"vhost_user":null,"vhost_vdpa":null,"volume":{"mode":null,"pool":"default","sec_label":null,"volume":"Ncore03-os"}},"target":{"bus":"virtio","dev":"vda","removable":null,"rotation_rate":null,"tray":null},"throttle_filters":null,"transient":null,"vendor":null,"wwn":null},{"acpi":null,"address":null,"alias":null,"auth":null,"backend_domain":null,"backing_store":null,"block_io":null,"boot":null,"device":"cdrom","driver":{"ats":null,"cache":null,"copy_on_read":null,"detect_zeros":null,"discard":null,"discard_no_unref":null,"error_policy":null,"event_idx":null,"io":null,"io_event_fd":null,"io_thread":null,"io_threads":null,"iommu":null,"metadata_cache":null,"name":"qemu","packed":null,"page_per_vq":null,"queue_size":null,"queues":null,"rerror_policy":null,"type":"raw"},"encryption":null,"geometry":null,"io_tune":null,"mirror":null,"model":null,"product":null,"raw_io":null,"read_only":null,"serial":null,"sgio":null,"shareable":null,"snapshot":null,"source":{"block":null,"cookies":null,"data_store":null,"dir":null,"encryption":null,"file":null,"index":null,"network":null,"nvme":null,"readahead":null,"reservations":null,"slices":null,"ssl":null,"startup_policy":null,"timeout":null,"vhost_user":null,"vhost_vdpa":null,"volume":{"mode":null,"pool":"default","sec_label":null,"volume":"Ncore03-cloudinit.iso"}},"target":{"bus":"sata","dev":"sda","removable":null,"rotation_rate":null,"tray":null},"throttle_filters":null,"transient":null,"vendor":null,"wwn":null}],"emulator":null,"filesystems":null,"graphics":[{"audio":null,"dbus":null,"desktop":null,"egl_headless":null,"rdp":null,"sdl":null,"spice":null,"vnc":{"auto_port":true,"connected":null,"keymap":null,"listen":"127.0.0.1","listeners":null,"passwd":null,"passwd_valid_to":null,"port":null,"power_control":null,"share_policy":null,"socket":null,"web_socket":null}}],"hostdevs":null,"hubs":null,"inputs":[{"acpi":null,"address":null,"alias":null,"bus":"usb","driver":null,"model":null,"source":null,"type":"tablet"}],"interfaces":[{"acpi":null,"address":null,"alias":null,"backend":null,"backend_domain":null,"bandwidth":null,"boot":null,"coalesce":null,"down_script":null,"driver":null,"filter_ref":null,"guest":null,"ip":null,"link":null,"mac":null,"managed":null,"model":{"type":"virtio"},"mtu":null,"port_forward":null,"port_options":null,"rom":null,"route":null,"script":null,"source":{"bridge":null,"client":null,"direct":null,"ethernet":null,"hostdev":null,"internal":null,"mcast":null,"network":{"bridge":null,"network":"uplink-net","port_group":null,"port_id":null},"null":null,"server":null,"udp":null,"user":null,"vdpa":null,"vds":null,"vhost_user":null},"target":null,"teaming":null,"trust_guest_rx_filters":null,"tune":null,"virtual_port":null,"vlan":null,"wait_for_ip":null},{"acpi":null,"address":null,"alias":null,"backend":null,"backend_domain":null,"bandwidth":null,"boot":null,"coalesce":null,"down_script":null,"driver":null,"filter_ref":null,"guest":null,"ip":null,"link":null,"mac":null,"managed":null,"model":{"type":"virtio"},"mtu":null,"port_forward":null,"port_options":null,"rom":null,"route":null,"script":null,"source":{"bridge":null,"client":null,"direct":null,"ethernet":null,"hostdev":null,"internal":null,"mcast":null,"network":{"bridge":null,"network":"dmz-net","port_group":null,"port_id":null},"null":null,"server":null,"udp":null,"user":null,"vdpa":null,"vds":null,"vhost_user":null},"target":null,"teaming":null,"trust_guest_rx_filters":null,"tune":null,"virtual_port":null,"vlan":null,"wait_for_ip":null},{"acpi":null,"address":null,"alias":null,"backend":null,"backend_domain":null,"bandwidth":null,"boot":null,"coalesce":null,"down_script":null,"driver":null,"filter_ref":null,"guest":null,"ip":null,"link":null,"mac":null,"managed":null,"model":{"type":"virtio"},"mtu":null,"port_forward":null,"port_options":null,"rom":null,"route":null,"script":null,"source":{"bridge":null,"client":null,"direct":null,"ethernet":null,"hostdev":null,"internal":null,"mcast":null,"network":{"bridge":null,"network":"servers-net","port_group":null,"port_id":null},"null":null,"server":null,"udp":null,"user":null,"vdpa":null,"vds":null,"vhost_user":null},"target":null,"teaming":null,"trust_guest_rx_filters":null,"tune":null,"virtual_port":null,"vlan":null,"wait_for_ip":null},{"acpi":null,"address":null,"alias":null,"backend":null,"backend_domain":null,"bandwidth":null,"boot":null,"coalesce":null,"down_script":null,"driver":null,"filter_ref":null,"guest":null,"ip":null,"link":null,"mac":null,"managed":null,"model":{"type":"virtio"},"mtu":null,"port_forward":null,"port_options":null,"rom":null,"route":null,"script":null,"source":{"bridge":null,"client":null,"direct":null,"ethernet":null,"hostdev":null,"internal":null,"mcast":null,"network":{"bridge":null,"network":"clientes_ti-net","port_group":null,"port_id":null},"null":null,"server":null,"udp":null,"user":null,"vdpa":null,"vds":null,"vhost_user":null},"target":null,"teaming":null,"trust_guest_rx_filters":null,"tune":null,"virtual_port":null,"vlan":null,"wait_for_ip":null},{"acpi":null,"address":null,"alias":null,"backend":null,"backend_domain":null,"bandwidth":null,"boot":null,"coalesce":null,"down_script":null,"driver":null,"filter_ref":null,"guest":null,"ip":null,"link":null,"mac":null,"managed":null,"model":{"type":"virtio"},"mtu":null,"port_forward":null,"port_options":null,"rom":null,"route":null,"script":null,"source":{"bridge":null,"client":null,"direct":null,"ethernet":null,"hostdev":null,"internal":null,"mcast":null,"network":{"bridge":null,"network":"clientes_fin-net","port_group":null,"port_id":null},"null":null,"server":null,"udp":null,"user":null,"vdpa":null,"vds":null,"vhost_user":null},"target":null,"teaming":null,"trust_guest_rx_filters":null,"tune":null,"virtual_port":null,"vlan":null,"wait_for_ip":null}],"iommu":null,"leases":null,"mem_balloon":null,"memorydevs":null,"nvram":null,"panics":null,"parallels":null,"pstore":null,"redir_devs":null,"redir_filters":null,"rngs":[{"acpi":null,"address":null,"alias":null,"backend":{"built_in":null,"egd":null,"random":"/dev/urandom"},"driver":null,"model":"virtio","rate":null}],"serials":null,"shmems":null,"smartcards":null,"sounds":[{"acpi":null,"address":null,"alias":null,"audio":null,"codec":null,"driver":null,"model":"ich9","multi_channel":null,"streams":null}],"tpms":null,"videos":[{"acpi":null,"address":null,"alias":null,"driver":null,"model":{"accel":null,"blob":null,"edid":null,"heads":1,"primary":"yes","ram":null,"resolution":null,"type":"virtio","vga_mem":null,"vram":null,"vram64":null}}],"vsock":null,"watchdogs":null},"features":{"acpi":true,"aia":null,"apic":{"eoi":"on"},"async_teardown":null,"capabilities":null,"ccf_assist":null,"cfpc":null,"gic":null,"hap":null,"hpt":null,"htm":null,"hyper_v":null,"ibs":null,"ioapic":null,"kvm":null,"msrs":null,"nested_hv":null,"pae":null,"pmu":null,"priv_net":null,"ps2":null,"pv_spinlock":null,"ras":null,"sbbc":null,"smm":null,"tcg":null,"viridian":null,"vm_core_info":null,"vm_port":{"state":"off"},"xen":null},"gen_id":null,"hwuuid":null,"id":6,"id_map":null,"io_thread_i_ds":null,"io_threads":null,"key_wrap":null,"launch_security":null,"maximum_memory":null,"maximum_memory_slots":null,"maximum_memory_unit":null,"memory":2048,"memory_backing":null,"memory_dump_core":null,"memory_tune":null,"memory_unit":"MiB","metadata":null,"name":"Ncore03","numa_tune":null,"on_crash":null,"on_poweroff":null,"on_reboot":null,"os":{"acpi":null,"bios":null,"boot_devices":null,"boot_menu":null,"cmdline":null,"dtb":null,"firmware":null,"firmware_info":null,"init":null,"init_args":null,"init_dir":null,"init_env":null,"init_group":null,"init_user":null,"initrd":null,"kernel":null,"loader":null,"loader_format":null,"loader_readonly":null,"loader_secure":null,"loader_stateless":null,"loader_type":null,"nv_ram":null,"shim":null,"sm_bios":null,"type":"hvm","type_arch":"x86_64","type_machine":"q35"},"perf":null,"pm":{"suspend_to_disk":{"enabled":"no"},"suspend_to_mem":{"enabled":"no"}},"resource":null,"running":true,"sec_label":null,"sys_info":null,"throttle_groups":null,"title":null,"type":"kvm","uuid":"d12d72ac-d802-4ab4-b8d2-f4a401c72fdd","vcpu":2,"vcpu_cpuset":null,"vcpu_current":null,"vcpu_placement":null,"vcpus":null},"sensitive_attributes":[],"dependencies":["module.orchestration.module.cloudinit.libvirt_cloudinit_disk.this","module.orchestration.module.cloudinit.libvirt_volume.cloudinit_iso","module.orchestration.module.network.libvirt_network.this","module.orchestration.module.volume.libvirt_volume.this"]},{"index_key":"Nfirewall03","schema_version":0,"attributes":{"autostart":null,"block_io_tune":null,"bootloader":null,"bootloader_args":null,"clock":{"adjustment":null,"basis":null,"offset":"utc","start":null,"time_zone":null,"timer":[{"catch_up":null,"frequency":null,"mode":null,"name":"rtc","present":null,"tick_policy":"catchup","track":null},{"catch_up":null,"frequency":null,"mode":null,"name":"pit","present":null,"tick_policy":"delay","track":null},{"catch_up":null,"frequency":null,"mode":null,"name":"hpet","present":"no","tick_policy":null,"track":null}]},"cpu":{"cache":null,"check":null,"deprecated_features":null,"features":null,"match":null,"max_phys_addr":null,"migratable":null,"mode":"host-passthrough","model":null,"model_fallback":null,"model_vendor_id":null,"numa":null,"topology":null,"vendor":null},"cpu_tune":null,"create":null,"current_memory":1024,"current_memory_unit":"MiB","default_io_thread":null,"description":null,"destroy":null,"devices":{"audios":null,"channels":[{"acpi":null,"address":null,"alias":null,"log":null,"protocol":null,"source":{"dbus":null,"dev":null,"file":null,"nmdm":null,"null":null,"pipe":null,"pty":null,"qemuvd_agent":null,"spice_port":null,"spice_vmc":null,"std_io":null,"tcp":null,"udp":null,"unix":{"mode":"bind","path":null,"reconnect":null,"sec_label":null},"vc":null},"target":{"guest_fwd":null,"virt_io":{"name":"org.qemu.guest_agent.0","state":null},"xen":null}}],"consoles":[{"acpi":null,"address":null,"alias":null,"log":null,"protocol":null,"source":null,"target":{"port":null,"type":"serial"},"tty":null}],"controllers":null,"crypto":null,"disks":[{"acpi":null,"address":null,"alias":null,"auth":null,"backend_domain":null,"backing_store":null,"block_io":null,"boot":{"load_parm":null,"order":1},"device":null,"driver":{"ats":null,"cache":null,"copy_on_read":null,"detect_zeros":null,"discard":"unmap","discard_no_unref":null,"error_policy":null,"event_idx":null,"io":null,"io_event_fd":null,"io_thread":null,"io_threads":null,"iommu":null,"metadata_cache":null,"name":"qemu","packed":null,"page_per_vq":null,"queue_size":null,"queues":null,"rerror_policy":null,"type":"qcow2"},"encryption":null,"geometry":null,"io_tune":null,"mirror":null,"model":null,"product":null,"raw_io":null,"read_only":null,"serial":null,"sgio":null,"shareable":null,"snapshot":null,"source":{"block":null,"cookies":null,"data_store":null,"dir":null,"encryption":null,"file":null,"index":null,"network":null,"nvme":null,"readahead":null,"reservations":null,"slices":null,"ssl":null,"startup_policy":null,"timeout":null,"vhost_user":null,"vhost_vdpa":null,"volume":{"mode":null,"pool":"default","sec_label":null,"volume":"Nfirewall03-os"}},"target":{"bus":"virtio","dev":"vda","removable":null,"rotation_rate":null,"tray":null},"throttle_filters":null,"transient":null,"vendor":null,"wwn":null},{"acpi":null,"address":null,"alias":null,"auth":null,"backend_domain":null,"backing_store":null,"block_io":null,"boot":null,"device":"cdrom","driver":{"ats":null,"cache":null,"copy_on_read":null,"detect_zeros":null,"discard":null,"discard_no_unref":null,"error_policy":null,"event_idx":null,"io":null,"io_event_fd":null,"io_thread":null,"io_threads":null,"iommu":null,"metadata_cache":null,"name":"qemu","packed":null,"page_per_vq":null,"queue_size":null,"queues":null,"rerror_policy":null,"type":"raw"},"encryption":null,"geometry":null,"io_tune":null,"mirror":null,"model":null,"product":null,"raw_io":null,"read_only":null,"serial":null,"sgio":null,"shareable":null,"snapshot":null,"source":{"block":null,"cookies":null,"data_store":null,"dir":null,"encryption":null,"file":null,"index":null,"network":null,"nvme":null,"readahead":null,"reservations":null,"slices":null,"ssl":null,"startup_policy":null,"timeout":null,"vhost_user":null,"vhost_vdpa":null,"volume":{"mode":null,"pool":"default","sec_label":null,"volume":"Nfirewall03-cloudinit.iso"}},"target":{"bus":"sata","dev":"sda","removable":null,"rotation_rate":null,"tray":null},"throttle_filters":null,"transient":null,"vendor":null,"wwn":null}],"emulator":null,"filesystems":null,"graphics":[{"audio":null,"dbus":null,"desktop":null,"egl_headless":null,"rdp":null,"sdl":null,"spice":null,"vnc":{"auto_port":true,"connected":null,"keymap":null,"listen":"127.0.0.1","listeners":null,"passwd":null,"passwd_valid_to":null,"port":null,"power_control":null,"share_policy":null,"socket":null,"web_socket":null}}],"hostdevs":null,"hubs":null,"inputs":[{"acpi":null,"address":null,"alias":null,"bus":"usb","driver":null,"model":null,"source":null,"type":"tablet"}],"interfaces":[{"acpi":null,"address":null,"alias":null,"backend":null,"backend_domain":null,"bandwidth":null,"boot":null,"coalesce":null,"down_script":null,"driver":null,"filter_ref":null,"guest":null,"ip":null,"link":null,"mac":null,"managed":null,"model":{"type":"virtio"},"mtu":null,"port_forward":null,"port_options":null,"rom":null,"route":null,"script":null,"source":{"bridge":null,"client":null,"direct":null,"ethernet":null,"hostdev":null,"internal":null,"mcast":null,"network":{"bridge":null,"network":"wan-net","port_group":null,"port_id":null},"null":null,"server":null,"udp":null,"user":null,"vdpa":null,"vds":null,"vhost_user":null},"target":null,"teaming":null,"trust_guest_rx_filters":null,"tune":null,"virtual_port":null,"vlan":null,"wait_for_ip":{"source":"lease","timeout":300}},{"acpi":null,"address":null,"alias":null,"backend":null,"backend_domain":null,"bandwidth":null,"boot":null,"coalesce":null,"down_script":null,"driver":null,"filter_ref":null,"guest":null,"ip":null,"link":null,"mac":null,"managed":null,"model":{"type":"virtio"},"mtu":null,"port_forward":null,"port_options":null,"rom":null,"route":null,"script":null,"source":{"bridge":null,"client":null,"direct":null,"ethernet":null,"hostdev":null,"internal":null,"mcast":null,"network":{"bridge":null,"network":"uplink-net","port_group":null,"port_id":null},"null":null,"server":null,"udp":null,"user":null,"vdpa":null,"vds":null,"vhost_user":null},"target":null,"teaming":null,"trust_guest_rx_filters":null,"tune":null,"virtual_port":null,"vlan":null,"wait_for_ip":null}],"iommu":null,"leases":null,"mem_balloon":null,"memorydevs":null,"nvram":null,"panics":null,"parallels":null,"pstore":null,"redir_devs":null,"redir_filters":null,"rngs":[{"acpi":null,"address":null,"alias":null,"backend":{"built_in":null,"egd":null,"random":"/dev/urandom"},"driver":null,"model":"virtio","rate":null}],"serials":null,"shmems":null,"smartcards":null,"sounds":[{"acpi":null,"address":null,"alias":null,"audio":null,"codec":null,"driver":null,"model":"ich9","multi_channel":null,"streams":null}],"tpms":null,"videos":[{"acpi":null,"address":null,"alias":null,"driver":null,"model":{"accel":null,"blob":null,"edid":null,"heads":1,"primary":"yes","ram":null,"resolution":null,"type":"virtio","vga_mem":null,"vram":null,"vram64":null}}],"vsock":null,"watchdogs":null},"features":{"acpi":true,"aia":null,"apic":{"eoi":"on"},"async_teardown":null,"capabilities":null,"ccf_assist":null,"cfpc":null,"gic":null,"hap":null,"hpt":null,"htm":null,"hyper_v":null,"ibs":null,"ioapic":null,"kvm":null,"msrs":null,"nested_hv":null,"pae":null,"pmu":null,"priv_net":null,"ps2":null,"pv_spinlock":null,"ras":null,"sbbc":null,"smm":null,"tcg":null,"viridian":null,"vm_core_info":null,"vm_port":{"state":"off"},"xen":null},"gen_id":null,"hwuuid":null,"id":5,"id_map":null,"io_thread_i_ds":null,"io_threads":null,"key_wrap":null,"launch_security":null,"maximum_memory":null,"maximum_memory_slots":null,"maximum_memory_unit":null,"memory":2048,"memory_backing":null,"memory_dump_core":null,"memory_tune":null,"memory_unit":"MiB","metadata":null,"name":"Nfirewall03","numa_tune":null,"on_crash":null,"on_poweroff":null,"on_reboot":null,"os":{"acpi":null,"bios":null,"boot_devices":null,"boot_menu":null,"cmdline":null,"dtb":null,"firmware":null,"firmware_info":null,"init":null,"init_args":null,"init_dir":null,"init_env":null,"init_group":null,"init_user":null,"initrd":null,"kernel":null,"loader":null,"loader_format":null,"loader_readonly":null,"loader_secure":null,"loader_stateless":null,"loader_type":null,"nv_ram":null,"shim":null,"sm_bios":null,"type":"hvm","type_arch":"x86_64","type_machine":"q35"},"perf":null,"pm":{"suspend_to_disk":{"enabled":"no"},"suspend_to_mem":{"enabled":"no"}},"resource":null,"running":true,"sec_label":null,"sys_info":null,"throttle_groups":null,"title":null,"type":"kvm","uuid":"c6522fd1-3cd2-49a8-b2d7-6808e1382170","vcpu":2,"vcpu_cpuset":null,"vcpu_current":null,"vcpu_placement":null,"vcpus":null},"sensitive_attributes":[],"dependencies":["module.orchestration.module.cloudinit.libvirt_cloudinit_disk.this","module.orchestration.module.cloudinit.libvirt_volume.cloudinit_iso","module.orchestration.module.network.libvirt_network.this","module.orchestration.module.volume.libvirt_volume.this"]},{"index_key":"SansibleSVR03","schema_version":0,"attributes":{"autostart":null,"block_io_tune":null,"bootloader":null,"bootloader_args":null,"clock":{"adjustment":null,"basis":null,"offset":"utc","start":null,"time_zone":null,"timer":[{"catch_up":null,"frequency":null,"mode":null,"name":"rtc","present":null,"tick_policy":"catchup","track":null},{"catch_up":null,"frequency":null,"mode":null,"name":"pit","present":null,"tick_policy":"delay","track":null},{"catch_up":null,"frequency":null,"mode":null,"name":"hpet","present":"no","tick_policy":null,"track":null}]},"cpu":{"cache":null,"check":null,"deprecated_features":null,"features":null,"match":null,"max_phys_addr":null,"migratable":null,"mode":"host-passthrough","model":null,"model_fallback":null,"model_vendor_id":null,"numa":null,"topology":null,"vendor":null},"cpu_tune":null,"create":null,"current_memory":null,"current_memory_unit":"MiB","default_io_thread":null,"description":null,"destroy":null,"devices":{"audios":null,"channels":[{"acpi":null,"address":null,"alias":null,"log":null,"protocol":null,"source":{"dbus":null,"dev":null,"file":null,"nmdm":null,"null":null,"pipe":null,"pty":null,"qemuvd_agent":null,"spice_port":null,"spice_vmc":null,"std_io":null,"tcp":null,"udp":null,"unix":{"mode":"bind","path":null,"reconnect":null,"sec_label":null},"vc":null},"target":{"guest_fwd":null,"virt_io":{"name":"org.qemu.guest_agent.0","state":null},"xen":null}}],"consoles":[{"acpi":null,"address":null,"alias":null,"log":null,"protocol":null,"source":null,"target":{"port":null,"type":"serial"},"tty":null}],"controllers":null,"crypto":null,"disks":[{"acpi":null,"address":null,"alias":null,"auth":null,"backend_domain":null,"backing_store":null,"block_io":null,"boot":{"load_parm":null,"order":1},"device":null,"driver":{"ats":null,"cache":null,"copy_on_read":null,"detect_zeros":null,"discard":"unmap","discard_no_unref":null,"error_policy":null,"event_idx":null,"io":null,"io_event_fd":null,"io_thread":null,"io_threads":null,"iommu":null,"metadata_cache":null,"name":"qemu","packed":null,"page_per_vq":null,"queue_size":null,"queues":null,"rerror_policy":null,"type":"qcow2"},"encryption":null,"geometry":null,"io_tune":null,"mirror":null,"model":null,"product":null,"raw_io":null,"read_only":null,"serial":null,"sgio":null,"shareable":null,"snapshot":null,"source":{"block":null,"cookies":null,"data_store":null,"dir":null,"encryption":null,"file":null,"index":null,"network":null,"nvme":null,"readahead":null,"reservations":null,"slices":null,"ssl":null,"startup_policy":null,"timeout":null,"vhost_user":null,"vhost_vdpa":null,"volume":{"mode":null,"pool":"default","sec_label":null,"volume":"SansibleSVR03-os"}},"target":{"bus":"virtio","dev":"vda","removable":null,"rotation_rate":null,"tray":null},"throttle_filters":null,"transient":null,"vendor":null,"wwn":null},{"acpi":null,"address":null,"alias":null,"auth":null,"backend_domain":null,"backing_store":null,"block_io":null,"boot":null,"device":"cdrom","driver":{"ats":null,"cache":null,"copy_on_read":null,"detect_zeros":null,"discard":null,"discard_no_unref":null,"error_policy":null,"event_idx":null,"io":null,"io_event_fd":null,"io_thread":null,"io_threads":null,"iommu":null,"metadata_cache":null,"name":"qemu","packed":null,"page_per_vq":null,"queue_size":null,"queues":null,"rerror_policy":null,"type":"raw"},"encryption":null,"geometry":null,"io_tune":null,"mirror":null,"model":null,"product":null,"raw_io":null,"read_only":null,"serial":null,"sgio":null,"shareable":null,"snapshot":null,"source":{"block":null,"cookies":null,"data_store":null,"dir":null,"encryption":null,"file":null,"index":null,"network":null,"nvme":null,"readahead":null,"reservations":null,"slices":null,"ssl":null,"startup_policy":null,"timeout":null,"vhost_user":null,"vhost_vdpa":null,"volume":{"mode":null,"pool":"default","sec_label":null,"volume":"SansibleSVR03-cloudinit.iso"}},"target":{"bus":"sata","dev":"sda","removable":null,"rotation_rate":null,"tray":null},"throttle_filters":null,"transient":null,"vendor":null,"wwn":null}],"emulator":null,"filesystems":null,"graphics":[{"audio":null,"dbus":null,"desktop":null,"egl_headless":null,"rdp":null,"sdl":null,"spice":null,"vnc":{"auto_port":true,"connected":null,"keymap":null,"listen":"127.0.0.1","listeners":null,"passwd":null,"passwd_valid_to":null,"port":null,"power_control":null,"share_policy":null,"socket":null,"web_socket":null}}],"hostdevs":null,"hubs":null,"inputs":[{"acpi":null,"address":null,"alias":null,"bus":"usb","driver":null,"model":null,"source":null,"type":"tablet"}],"interfaces":[{"acpi":null,"address":null,"alias":null,"backend":null,"backend_domain":null,"bandwidth":null,"boot":null,"coalesce":null,"down_script":null,"driver":null,"filter_ref":null,"guest":null,"ip":null,"link":null,"mac":null,"managed":null,"model":{"type":"virtio"},"mtu":null,"port_forward":null,"port_options":null,"rom":null,"route":null,"script":null,"source":{"bridge":null,"client":null,"direct":null,"ethernet":null,"hostdev":null,"internal":null,"mcast":null,"network":{"bridge":null,"network":"servers-net","port_group":null,"port_id":null},"null":null,"server":null,"udp":null,"user":null,"vdpa":null,"vds":null,"vhost_user":null},"target":null,"teaming":null,"trust_guest_rx_filters":null,"tune":null,"virtual_port":null,"vlan":null,"wait_for_ip":null}],"iommu":null,"leases":null,"mem_balloon":null,"memorydevs":null,"nvram":null,"panics":null,"parallels":null,"pstore":null,"redir_devs":null,"redir_filters":null,"rngs":[{"acpi":null,"address":null,"alias":null,"backend":{"built_in":null,"egd":null,"random":"/dev/urandom"},"driver":null,"model":"virtio","rate":null}],"serials":null,"shmems":null,"smartcards":null,"sounds":[{"acpi":null,"address":null,"alias":null,"audio":null,"codec":null,"driver":null,"model":"ich9","multi_channel":null,"streams":null}],"tpms":[{"acpi":null,"address":null,"alias":null,"backend":{"emulator":{"active_pcr_banks":null,"debug":null,"encryption":null,"persistent_state":null,"profile":null,"source":null,"version":"2.0"},"external":null,"passthrough":null},"model":"tpm-crb"}],"videos":[{"acpi":null,"address":null,"alias":null,"driver":null,"model":{"accel":null,"blob":null,"edid":null,"heads":1,"primary":"yes","ram":null,"resolution":null,"type":"virtio","vga_mem":null,"vram":null,"vram64":null}}],"vsock":null,"watchdogs":null},"features":{"acpi":true,"aia":null,"apic":{"eoi":"on"},"async_teardown":null,"capabilities":null,"ccf_assist":null,"cfpc":null,"gic":null,"hap":null,"hpt":null,"htm":null,"hyper_v":null,"ibs":null,"ioapic":null,"kvm":null,"msrs":null,"nested_hv":null,"pae":null,"pmu":null,"priv_net":null,"ps2":null,"pv_spinlock":null,"ras":null,"sbbc":null,"smm":{"state":"on","tseg":null,"tseg_unit":null},"tcg":null,"viridian":null,"vm_core_info":null,"vm_port":{"state":"off"},"xen":null},"gen_id":null,"hwuuid":null,"id":4,"id_map":null,"io_thread_i_ds":null,"io_threads":null,"key_wrap":null,"launch_security":null,"maximum_memory":null,"maximum_memory_slots":null,"maximum_memory_unit":null,"memory":2048,"memory_backing":null,"memory_dump_core":null,"memory_tune":null,"memory_unit":"MiB","metadata":null,"name":"SansibleSVR03","numa_tune":null,"on_crash":null,"on_poweroff":null,"on_reboot":null,"os":{"acpi":null,"bios":null,"boot_devices":null,"boot_menu":null,"cmdline":null,"dtb":null,"firmware":"efi","firmware_info":null,"init":null,"init_args":null,"init_dir":null,"init_env":null,"init_group":null,"init_user":null,"initrd":null,"kernel":null,"loader":null,"loader_format":null,"loader_readonly":null,"loader_secure":null,"loader_stateless":null,"loader_type":null,"nv_ram":null,"shim":null,"sm_bios":null,"type":"hvm","type_arch":"x86_64","type_machine":"q35"},"perf":null,"pm":{"suspend_to_disk":{"enabled":"no"},"suspend_to_mem":{"enabled":"no"}},"resource":null,"running":true,"sec_label":null,"sys_info":null,"throttle_groups":null,"title":null,"type":"kvm","uuid":"98ef379e-8e8c-4aee-945d-c97ec311c8fb","vcpu":2,"vcpu_cpuset":null,"vcpu_current":null,"vcpu_placement":null,"vcpus":null},"sensitive_attributes":[],"dependencies":["module.orchestration.module.cloudinit.libvirt_cloudinit_disk.this","module.orchestration.module.cloudinit.libvirt_volume.cloudinit_iso","module.orchestration.module.network.libvirt_network.this","module.orchestration.module.volume.libvirt_volume.this"]}]},{"module":"module.orchestration.module.network","mode":"managed","type":"libvirt_network","name":"this","provider":"provider[\"registry.opentofu.org/dmacvicar/libvirt\"]","instances":[{"index_key":"clientes_fin-net","schema_version":0,"attributes":{"autostart":true,"bandwidth":null,"bridge":{"delay":null,"mac_table_manager":null,"name":"br-clientes_fin","stp":null,"zone":null},"dns":null,"domain":{"local_only":null,"name":"clientes_fin-net"},"forward":null,"id":"09859bfd-65e2-4cd3-b7a2-a883357e8ee5","ips":[{"address":"10.20.11.1","dhcp":null,"family":null,"local_ptr":null,"netmask":null,"prefix":24,"tftp":null}],"ipv6":null,"mac":null,"metadata":null,"mtu":null,"name":"clientes_fin-net","port_groups":null,"port_options":null,"routes":null,"trust_guest_rx_filters":null,"uuid":"09859bfd-65e2-4cd3-b7a2-a883357e8ee5","virtual_port":null,"vlan":null},"sensitive_attributes":[]},{"index_key":"clientes_ti-net","schema_version":0,"attributes":{"autostart":true,"bandwidth":null,"bridge":{"delay":null,"mac_table_manager":null,"name":"br-clientes_ti-","stp":null,"zone":null},"dns":null,"domain":{"local_only":null,"name":"clientes_ti-net"},"forward":null,"id":"15778bc5-62ce-4dd3-8980-7f1e0a150949","ips":[{"address":"10.20.10.1","dhcp":null,"family":null,"local_ptr":null,"netmask":null,"prefix":24,"tftp":null}],"ipv6":null,"mac":null,"metadata":null,"mtu":null,"name":"clientes_ti-net","port_groups":null,"port_options":null,"routes":null,"trust_guest_rx_filters":null,"uuid":"15778bc5-62ce-4dd3-8980-7f1e0a150949","virtual_port":null,"vlan":null},"sensitive_attributes":[]},{"index_key":"dmz-net","schema_version":0,"attributes":{"autostart":true,"bandwidth":null,"bridge":{"delay":null,"mac_table_manager":null,"name":"br-dmz-net","stp":null,"zone":null},"dns":null,"domain":{"local_only":null,"name":"dmz-net"},"forward":null,"id":"2d5cc5f5-a335-4fd2-8ad9-fb36342711d5","ips":[{"address":"10.20.200.1","dhcp":null,"family":null,"local_ptr":null,"netmask":null,"prefix":24,"tftp":null}],"ipv6":null,"mac":null,"metadata":null,"mtu":null,"name":"dmz-net","port_groups":null,"port_options":null,"routes":null,"trust_guest_rx_filters":null,"uuid":"2d5cc5f5-a335-4fd2-8ad9-fb36342711d5","virtual_port":null,"vlan":null},"sensitive_attributes":[]},{"index_key":"servers-net","schema_version":0,"attributes":{"autostart":true,"bandwidth":null,"bridge":{"delay":null,"mac_table_manager":null,"name":"br-servers-net","stp":null,"zone":null},"dns":null,"domain":{"local_only":null,"name":"servers-net"},"forward":null,"id":"2eec91b7-4efe-4207-a797-863ebaa07523","ips":[{"address":"10.20.100.1","dhcp":null,"family":null,"local_ptr":null,"netmask":null,"prefix":24,"tftp":null}],"ipv6":null,"mac":null,"metadata":null,"mtu":null,"name":"servers-net","port_groups":null,"port_options":null,"routes":null,"trust_guest_rx_filters":null,"uuid":"2eec91b7-4efe-4207-a797-863ebaa07523","virtual_port":null,"vlan":null},"sensitive_attributes":[]},{"index_key":"uplink-net","schema_version":0,"attributes":{"autostart":true,"bandwidth":null,"bridge":{"delay":null,"mac_table_manager":null,"name":"br-uplink-net","stp":null,"zone":null},"dns":null,"domain":{"local_only":null,"name":"uplink-net"},"forward":null,"id":"ad50be15-b158-4010-a71c-9fad669ff4e2","ips":[{"address":"10.21.1.1","dhcp":null,"family":null,"local_ptr":null,"netmask":null,"prefix":29,"tftp":null}],"ipv6":null,"mac":null,"metadata":null,"mtu":null,"name":"uplink-net","port_groups":null,"port_options":null,"routes":null,"trust_guest_rx_filters":null,"uuid":"ad50be15-b158-4010-a71c-9fad669ff4e2","virtual_port":null,"vlan":null},"sensitive_attributes":[]},{"index_key":"wan-net","schema_version":0,"attributes":{"autostart":true,"bandwidth":null,"bridge":{"delay":null,"mac_table_manager":null,"name":"br-wan-net","stp":null,"zone":null},"dns":null,"domain":{"local_only":null,"name":"wan-net"},"forward":{"addresses":null,"dev":null,"driver":null,"interfaces":null,"managed":null,"mode":"nat","nat":null,"pfs":null},"id":"2a495101-52dc-4b6d-afda-515a63fe0252","ips":[{"address":"172.16.254.1","dhcp":{"bootp":null,"hosts":null,"ranges":[{"end":"172.16.254.200","lease":null,"start":"172.16.254.10"}]},"family":null,"local_ptr":null,"netmask":null,"prefix":24,"tftp":null}],"ipv6":null,"mac":null,"metadata":null,"mtu":null,"name":"wan-net","port_groups":null,"port_options":null,"routes":null,"trust_guest_rx_filters":null,"uuid":"2a495101-52dc-4b6d-afda-515a63fe0252","virtual_port":null,"vlan":null},"sensitive_attributes":[]}]},{"module":"module.orchestration.module.volume","mode":"managed","type":"libvirt_volume","name":"this","provider":"provider[\"registry.opentofu.org/dmacvicar/libvirt\"]","instances":[{"index_key":"Ncore03-os","schema_version":0,"attributes":{"allocation":200704,"allocation_unit":null,"backing_store":{"format":{"type":"qcow2"},"path":"/home/mdonato/vm/vyos-custom-image.qcow2","permissions":null},"capacity":10737418240,"capacity_unit":null,"create":null,"id":"/home/mdonato/vm/Ncore03-os","key":"/home/mdonato/vm/Ncore03-os","name":"Ncore03-os","path":"/home/mdonato/vm/Ncore03-os","physical":196768,"physical_unit":null,"pool":"default","target":{"cluster_size":null,"cluster_size_unit":null,"compat":null,"encryption":null,"features":null,"format":{"type":"qcow2"},"path":"/home/mdonato/vm/Ncore03-os","permissions":null,"timestamps":null},"type":null},"sensitive_attributes":[],"dependencies":["module.orchestration.module.network.libvirt_network.this"]},{"index_key":"Nfirewall03-os","schema_version":0,"attributes":{"allocation":200704,"allocation_unit":null,"backing_store":{"format":{"type":"qcow2"},"path":"/home/mdonato/vm/vyos-custom-image.qcow2","permissions":null},"capacity":10737418240,"capacity_unit":null,"create":null,"id":"/home/mdonato/vm/Nfirewall03-os","key":"/home/mdonato/vm/Nfirewall03-os","name":"Nfirewall03-os","path":"/home/mdonato/vm/Nfirewall03-os","physical":196768,"physical_unit":null,"pool":"default","target":{"cluster_size":null,"cluster_size_unit":null,"compat":null,"encryption":null,"features":null,"format":{"type":"qcow2"},"path":"/home/mdonato/vm/Nfirewall03-os","permissions":null,"timestamps":null},"type":null},"sensitive_attributes":[],"dependencies":["module.orchestration.module.network.libvirt_network.this"]},{"index_key":"SansibleSVR03-os","schema_version":0,"attributes":{"allocation":200704,"allocation_unit":null,"backing_store":{"format":{"type":"qcow2"},"path":"/home/mdonato/vm/Fedora-Cloud-Base-Generic-42-1.1.x86_64.qcow2","permissions":null},"capacity":21474836480,"capacity_unit":null,"create":null,"id":"/home/mdonato/vm/SansibleSVR03-os","key":"/home/mdonato/vm/SansibleSVR03-os","name":"SansibleSVR03-os","path":"/home/mdonato/vm/SansibleSVR03-os","physical":196928,"physical_unit":null,"pool":"default","target":{"cluster_size":null,"cluster_size_unit":null,"compat":null,"encryption":null,"features":null,"format":{"type":"qcow2"},"path":"/home/mdonato/vm/SansibleSVR03-os","permissions":null,"timestamps":null},"type":null},"sensitive_attributes":[],"dependencies":["module.orchestration.module.network.libvirt_network.this"]}]}],"check_results":null}
